// !$*UTF8*$!
{
	archiveVersion = 1;
	classes = {
	};
	objectVersion = 46;
	objects = {

/* Begin PBXBuildFile section */
		310264481B23F52300FC14A5 /* BGAStatusFrame.m in Sources */ = {isa = PBXBuildFile; fileRef = 310264471B23F52300FC14A5 /* BGAStatusFrame.m */; };
		3102AD621B07B1B200CC7A6C /* Foundation+Log.m in Sources */ = {isa = PBXBuildFile; fileRef = 3102AD611B07B1B200CC7A6C /* Foundation+Log.m */; };
		3102AD851B09708E00CC7A6C /* MKAnnotationView+WebCache.m in Sources */ = {isa = PBXBuildFile; fileRef = 3102AD651B09708E00CC7A6C /* MKAnnotationView+WebCache.m */; };
		3102AD861B09708E00CC7A6C /* NSData+ImageContentType.m in Sources */ = {isa = PBXBuildFile; fileRef = 3102AD671B09708E00CC7A6C /* NSData+ImageContentType.m */; };
		3102AD871B09708E00CC7A6C /* SDImageCache.m in Sources */ = {isa = PBXBuildFile; fileRef = 3102AD691B09708E00CC7A6C /* SDImageCache.m */; };
		3102AD881B09708E00CC7A6C /* SDWebImageCompat.m in Sources */ = {isa = PBXBuildFile; fileRef = 3102AD6B1B09708E00CC7A6C /* SDWebImageCompat.m */; };
		3102AD891B09708E00CC7A6C /* SDWebImageDecoder.m in Sources */ = {isa = PBXBuildFile; fileRef = 3102AD6D1B09708E00CC7A6C /* SDWebImageDecoder.m */; };
		3102AD8A1B09708E00CC7A6C /* SDWebImageDownloader.m in Sources */ = {isa = PBXBuildFile; fileRef = 3102AD6F1B09708E00CC7A6C /* SDWebImageDownloader.m */; };
		3102AD8B1B09708E00CC7A6C /* SDWebImageDownloaderOperation.m in Sources */ = {isa = PBXBuildFile; fileRef = 3102AD711B09708E00CC7A6C /* SDWebImageDownloaderOperation.m */; };
		3102AD8C1B09708E00CC7A6C /* SDWebImageManager.m in Sources */ = {isa = PBXBuildFile; fileRef = 3102AD731B09708E00CC7A6C /* SDWebImageManager.m */; };
		3102AD8D1B09708E00CC7A6C /* SDWebImagePrefetcher.m in Sources */ = {isa = PBXBuildFile; fileRef = 3102AD761B09708E00CC7A6C /* SDWebImagePrefetcher.m */; };
		3102AD8E1B09708E00CC7A6C /* UIButton+WebCache.m in Sources */ = {isa = PBXBuildFile; fileRef = 3102AD781B09708E00CC7A6C /* UIButton+WebCache.m */; };
		3102AD8F1B09708E00CC7A6C /* UIImage+GIF.m in Sources */ = {isa = PBXBuildFile; fileRef = 3102AD7A1B09708E00CC7A6C /* UIImage+GIF.m */; };
		3102AD901B09708E00CC7A6C /* UIImage+MultiFormat.m in Sources */ = {isa = PBXBuildFile; fileRef = 3102AD7C1B09708E00CC7A6C /* UIImage+MultiFormat.m */; };
		3102AD911B09708E00CC7A6C /* UIImage+WebP.m in Sources */ = {isa = PBXBuildFile; fileRef = 3102AD7E1B09708E00CC7A6C /* UIImage+WebP.m */; };
		3102AD921B09708E00CC7A6C /* UIImageView+HighlightedWebCache.m in Sources */ = {isa = PBXBuildFile; fileRef = 3102AD801B09708E00CC7A6C /* UIImageView+HighlightedWebCache.m */; };
		3102AD931B09708E00CC7A6C /* UIImageView+WebCache.m in Sources */ = {isa = PBXBuildFile; fileRef = 3102AD821B09708E00CC7A6C /* UIImageView+WebCache.m */; };
		3102AD941B09708E00CC7A6C /* UIView+WebCacheOperation.m in Sources */ = {isa = PBXBuildFile; fileRef = 3102AD841B09708E00CC7A6C /* UIView+WebCacheOperation.m */; };
		3102AD971B0A3D4700CC7A6C /* BGAUser.m in Sources */ = {isa = PBXBuildFile; fileRef = 3102AD961B0A3D4700CC7A6C /* BGAUser.m */; };
		3102AD9A1B0A3E8E00CC7A6C /* BGAStatus.m in Sources */ = {isa = PBXBuildFile; fileRef = 3102AD991B0A3E8E00CC7A6C /* BGAStatus.m */; };
		3102ADAD1B0ABC9700CC7A6C /* MJConst.m in Sources */ = {isa = PBXBuildFile; fileRef = 3102AD9D1B0ABC9700CC7A6C /* MJConst.m */; };
		3102ADAE1B0ABC9700CC7A6C /* MJFoundation.m in Sources */ = {isa = PBXBuildFile; fileRef = 3102ADA01B0ABC9700CC7A6C /* MJFoundation.m */; };
		3102ADAF1B0ABC9700CC7A6C /* MJProperty.m in Sources */ = {isa = PBXBuildFile; fileRef = 3102ADA21B0ABC9700CC7A6C /* MJProperty.m */; };
		3102ADB01B0ABC9700CC7A6C /* MJType.m in Sources */ = {isa = PBXBuildFile; fileRef = 3102ADA41B0ABC9700CC7A6C /* MJType.m */; };
		3102ADB11B0ABC9700CC7A6C /* NSObject+MJCoding.m in Sources */ = {isa = PBXBuildFile; fileRef = 3102ADA61B0ABC9700CC7A6C /* NSObject+MJCoding.m */; };
		3102ADB21B0ABC9700CC7A6C /* NSObject+MJKeyValue.m in Sources */ = {isa = PBXBuildFile; fileRef = 3102ADA81B0ABC9700CC7A6C /* NSObject+MJKeyValue.m */; };
		3102ADB31B0ABC9700CC7A6C /* NSObject+MJProperty.m in Sources */ = {isa = PBXBuildFile; fileRef = 3102ADAA1B0ABC9700CC7A6C /* NSObject+MJProperty.m */; };
		3102ADB41B0ABC9700CC7A6C /* NSString+MJExtension.m in Sources */ = {isa = PBXBuildFile; fileRef = 3102ADAC1B0ABC9700CC7A6C /* NSString+MJExtension.m */; };
		3102ADB81B0B7DE400CC7A6C /* BGALoadMoreFooter.m in Sources */ = {isa = PBXBuildFile; fileRef = 3102ADB71B0B7DE400CC7A6C /* BGALoadMoreFooter.m */; };
		3102ADBA1B0B7E1300CC7A6C /* BGALoadMoreFooter.xib in Resources */ = {isa = PBXBuildFile; fileRef = 3102ADB91B0B7E1300CC7A6C /* BGALoadMoreFooter.xib */; };
		314331221B418E1B00C6AD05 /* BGAStatusPhotoView.m in Sources */ = {isa = PBXBuildFile; fileRef = 314331211B418E1B00C6AD05 /* BGAStatusPhotoView.m */; };
		314331281B42F05200C6AD05 /* BGAAvatarView.m in Sources */ = {isa = PBXBuildFile; fileRef = 314331271B42F05200C6AD05 /* BGAAvatarView.m */; };
		3177E35A1B38404200921C9A /* NSDate+Extension.m in Sources */ = {isa = PBXBuildFile; fileRef = 3177E3591B38404200921C9A /* NSDate+Extension.m */; };
		3177E35D1B3862BB00921C9A /* NSString+Extension.m in Sources */ = {isa = PBXBuildFile; fileRef = 3177E35C1B3862BB00921C9A /* NSString+Extension.m */; };
		317BF9A41B2DDACC008B1B1A /* BGAPhoto.m in Sources */ = {isa = PBXBuildFile; fileRef = 317BF9A31B2DDACC008B1B1A /* BGAPhoto.m */; };
		317BF9A71B2DDF62008B1B1A /* BGAExtensionConfig.m in Sources */ = {isa = PBXBuildFile; fileRef = 317BF9A61B2DDF62008B1B1A /* BGAExtensionConfig.m */; };
		317BF9AA1B3083A9008B1B1A /* BGAStatusToolbar.m in Sources */ = {isa = PBXBuildFile; fileRef = 317BF9A91B3083A9008B1B1A /* BGAStatusToolbar.m */; };
		317E4CF91B23EB8D00A2F730 /* BGAStatusCell.m in Sources */ = {isa = PBXBuildFile; fileRef = 317E4CF81B23EB8D00A2F730 /* BGAStatusCell.m */; };
		31903F1F1AF5F94C006A2A46 /* Images.xcassets in Resources */ = {isa = PBXBuildFile; fileRef = 31903F1E1AF5F94C006A2A46 /* Images.xcassets */; };
		31903F2E1AF5F94C006A2A46 /* WeiBoTests.m in Sources */ = {isa = PBXBuildFile; fileRef = 31903F2D1AF5F94C006A2A46 /* WeiBoTests.m */; };
		31903F901AF6F83E006A2A46 /* BGADiscoverViewController.m in Sources */ = {isa = PBXBuildFile; fileRef = 31903F611AF6F83E006A2A46 /* BGADiscoverViewController.m */; };
		31903F911AF6F83E006A2A46 /* BGAHomeViewController.m in Sources */ = {isa = PBXBuildFile; fileRef = 31903F671AF6F83E006A2A46 /* BGAHomeViewController.m */; };
		31903F921AF6F83E006A2A46 /* UIView+Extension.m in Sources */ = {isa = PBXBuildFile; fileRef = 31903F6D1AF6F83E006A2A46 /* UIView+Extension.m */; };
		31903F931AF6F83E006A2A46 /* BGANavigationController.m in Sources */ = {isa = PBXBuildFile; fileRef = 31903F701AF6F83E006A2A46 /* BGANavigationController.m */; };
		31903F941AF6F83E006A2A46 /* BGATabBarViewController.m in Sources */ = {isa = PBXBuildFile; fileRef = 31903F721AF6F83E006A2A46 /* BGATabBarViewController.m */; };
		31903F951AF6F83E006A2A46 /* AppDelegate.m in Sources */ = {isa = PBXBuildFile; fileRef = 31903F771AF6F83E006A2A46 /* AppDelegate.m */; };
		31903F961AF6F83E006A2A46 /* main.m in Sources */ = {isa = PBXBuildFile; fileRef = 31903F781AF6F83E006A2A46 /* main.m */; };
		31903F971AF6F83E006A2A46 /* BGAMessageCenterViewController.m in Sources */ = {isa = PBXBuildFile; fileRef = 31903F7D1AF6F83E006A2A46 /* BGAMessageCenterViewController.m */; };
		31903F981AF6F83E006A2A46 /* BGAProfileViewController.m in Sources */ = {isa = PBXBuildFile; fileRef = 31903F831AF6F83E006A2A46 /* BGAProfileViewController.m */; };
		31903F991AF6F83E006A2A46 /* BGATest1ViewController.m in Sources */ = {isa = PBXBuildFile; fileRef = 31903F891AF6F83E006A2A46 /* BGATest1ViewController.m */; };
		31903F9A1AF6F83E006A2A46 /* BGATest2ViewController.m in Sources */ = {isa = PBXBuildFile; fileRef = 31903F8B1AF6F83E006A2A46 /* BGATest2ViewController.m */; };
		31903F9B1AF6F83E006A2A46 /* BGATest3ViewController.m in Sources */ = {isa = PBXBuildFile; fileRef = 31903F8D1AF6F83E006A2A46 /* BGATest3ViewController.m */; };
		31903F9E1AF83E38006A2A46 /* UIBarButtonItem+Extension.m in Sources */ = {isa = PBXBuildFile; fileRef = 31903F9D1AF83E38006A2A46 /* UIBarButtonItem+Extension.m */; };
		31903FA11AF8F587006A2A46 /* BGASearchBar.m in Sources */ = {isa = PBXBuildFile; fileRef = 31903FA01AF8F587006A2A46 /* BGASearchBar.m */; };
		31903FA41AF8FBD4006A2A46 /* BGATitleButton.m in Sources */ = {isa = PBXBuildFile; fileRef = 31903FA31AF8FBD4006A2A46 /* BGATitleButton.m */; };
		31903FAA1AF912AD006A2A46 /* BGADropdownMenu.m in Sources */ = {isa = PBXBuildFile; fileRef = 31903FA91AF912AD006A2A46 /* BGADropdownMenu.m */; };
		31903FB01AF99350006A2A46 /* BGAHomeTitleViewController.m in Sources */ = {isa = PBXBuildFile; fileRef = 31903FAF1AF99350006A2A46 /* BGAHomeTitleViewController.m */; };
		31903FB31AFA5B16006A2A46 /* BGATabBar.m in Sources */ = {isa = PBXBuildFile; fileRef = 31903FB21AFA5B16006A2A46 /* BGATabBar.m */; };
		31903FB81AFC3690006A2A46 /* BGANewFeatureViewController.m in Sources */ = {isa = PBXBuildFile; fileRef = 31903FB71AFC3690006A2A46 /* BGANewFeatureViewController.m */; };
		31903FBD1B00F33F006A2A46 /* BGAOAuthViewController.m in Sources */ = {isa = PBXBuildFile; fileRef = 31903FBC1B00F33F006A2A46 /* BGAOAuthViewController.m */; };
		31903FD21B0183A8006A2A46 /* AFHTTPRequestOperation.m in Sources */ = {isa = PBXBuildFile; fileRef = 31903FC01B0183A8006A2A46 /* AFHTTPRequestOperation.m */; };
		31903FD31B0183A8006A2A46 /* AFHTTPRequestOperationManager.m in Sources */ = {isa = PBXBuildFile; fileRef = 31903FC21B0183A8006A2A46 /* AFHTTPRequestOperationManager.m */; };
		31903FD41B0183A8006A2A46 /* AFHTTPSessionManager.m in Sources */ = {isa = PBXBuildFile; fileRef = 31903FC41B0183A8006A2A46 /* AFHTTPSessionManager.m */; };
		31903FD51B0183A8006A2A46 /* AFNetworkReachabilityManager.m in Sources */ = {isa = PBXBuildFile; fileRef = 31903FC71B0183A8006A2A46 /* AFNetworkReachabilityManager.m */; };
		31903FD61B0183A8006A2A46 /* AFSecurityPolicy.m in Sources */ = {isa = PBXBuildFile; fileRef = 31903FC91B0183A8006A2A46 /* AFSecurityPolicy.m */; };
		31903FD71B0183A8006A2A46 /* AFURLConnectionOperation.m in Sources */ = {isa = PBXBuildFile; fileRef = 31903FCB1B0183A8006A2A46 /* AFURLConnectionOperation.m */; };
		31903FD81B0183A8006A2A46 /* AFURLRequestSerialization.m in Sources */ = {isa = PBXBuildFile; fileRef = 31903FCD1B0183A8006A2A46 /* AFURLRequestSerialization.m */; };
		31903FD91B0183A8006A2A46 /* AFURLResponseSerialization.m in Sources */ = {isa = PBXBuildFile; fileRef = 31903FCF1B0183A8006A2A46 /* AFURLResponseSerialization.m */; };
		31903FDA1B0183A8006A2A46 /* AFURLSessionManager.m in Sources */ = {isa = PBXBuildFile; fileRef = 31903FD11B0183A8006A2A46 /* AFURLSessionManager.m */; };
		31903FDC1B025173006A2A46 /* local.json in Resources */ = {isa = PBXBuildFile; fileRef = 31903FDB1B025173006A2A46 /* local.json */; };
		31903FE01B0254A9006A2A46 /* BGALocal.m in Sources */ = {isa = PBXBuildFile; fileRef = 31903FDF1B0254A9006A2A46 /* BGALocal.m */; };
		31903FE31B02D5D0006A2A46 /* BGAAccount.m in Sources */ = {isa = PBXBuildFile; fileRef = 31903FE21B02D5D0006A2A46 /* BGAAccount.m */; };
		31903FEA1B036EF1006A2A46 /* MBProgressHUD+MJ.m in Sources */ = {isa = PBXBuildFile; fileRef = 31903FE61B036EF1006A2A46 /* MBProgressHUD+MJ.m */; };
		31903FEB1B036EF1006A2A46 /* MBProgressHUD.bundle in Resources */ = {isa = PBXBuildFile; fileRef = 31903FE71B036EF1006A2A46 /* MBProgressHUD.bundle */; };
		31903FEC1B036EF1006A2A46 /* MBProgressHUD.m in Sources */ = {isa = PBXBuildFile; fileRef = 31903FE91B036EF1006A2A46 /* MBProgressHUD.m */; };
		31903FF01B0378B9006A2A46 /* BGAAccountTool.m in Sources */ = {isa = PBXBuildFile; fileRef = 31903FEF1B0378B9006A2A46 /* BGAAccountTool.m */; };
		31903FF31B038434006A2A46 /* UIWindow+Extension.m in Sources */ = {isa = PBXBuildFile; fileRef = 31903FF21B038434006A2A46 /* UIWindow+Extension.m */; };
		31BFEED21B56B1E600B32B82 /* BGAPublishPhotosView.m in Sources */ = {isa = PBXBuildFile; fileRef = 31BFEED11B56B1E600B32B82 /* BGAPublishPhotosView.m */; };
		31DA1C551B5433C000FBEA83 /* BGATextView.m in Sources */ = {isa = PBXBuildFile; fileRef = 31DA1C541B5433C000FBEA83 /* BGATextView.m */; };
		31DA1C591B556A6B00FBEA83 /* BGAPublishToolbar.m in Sources */ = {isa = PBXBuildFile; fileRef = 31DA1C581B556A6B00FBEA83 /* BGAPublishToolbar.m */; };
		31E336971B40484900BC12E4 /* BGAStatusPhotosView.m in Sources */ = {isa = PBXBuildFile; fileRef = 31E336961B40484900BC12E4 /* BGAStatusPhotosView.m */; };
		31EA40C51B4EBF4B00849D81 /* BGAPublishViewController.m in Sources */ = {isa = PBXBuildFile; fileRef = 31EA40C41B4EBF4B00849D81 /* BGAPublishViewController.m */; };
/* End PBXBuildFile section */

/* Begin PBXContainerItemProxy section */
		31903F281AF5F94C006A2A46 /* PBXContainerItemProxy */ = {
			isa = PBXContainerItemProxy;
			containerPortal = 31903F061AF5F94B006A2A46 /* Project object */;
			proxyType = 1;
			remoteGlobalIDString = 31903F0D1AF5F94B006A2A46;
			remoteInfo = WeiBo;
		};
/* End PBXContainerItemProxy section */

/* Begin PBXFileReference section */
		310264461B23F52300FC14A5 /* BGAStatusFrame.h */ = {isa = PBXFileReference; fileEncoding = 4; lastKnownFileType = sourcecode.c.h; path = BGAStatusFrame.h; sourceTree = "<group>"; };
		310264471B23F52300FC14A5 /* BGAStatusFrame.m */ = {isa = PBXFileReference; fileEncoding = 4; lastKnownFileType = sourcecode.c.objc; path = BGAStatusFrame.m; sourceTree = "<group>"; };
		3102AD611B07B1B200CC7A6C /* Foundation+Log.m */ = {isa = PBXFileReference; fileEncoding = 4; lastKnownFileType = sourcecode.c.objc; path = "Foundation+Log.m"; sourceTree = "<group>"; };
		3102AD641B09708E00CC7A6C /* MKAnnotationView+WebCache.h */ = {isa = PBXFileReference; fileEncoding = 4; lastKnownFileType = sourcecode.c.h; path = "MKAnnotationView+WebCache.h"; sourceTree = "<group>"; };
		3102AD651B09708E00CC7A6C /* MKAnnotationView+WebCache.m */ = {isa = PBXFileReference; fileEncoding = 4; lastKnownFileType = sourcecode.c.objc; path = "MKAnnotationView+WebCache.m"; sourceTree = "<group>"; };
		3102AD661B09708E00CC7A6C /* NSData+ImageContentType.h */ = {isa = PBXFileReference; fileEncoding = 4; lastKnownFileType = sourcecode.c.h; path = "NSData+ImageContentType.h"; sourceTree = "<group>"; };
		3102AD671B09708E00CC7A6C /* NSData+ImageContentType.m */ = {isa = PBXFileReference; fileEncoding = 4; lastKnownFileType = sourcecode.c.objc; path = "NSData+ImageContentType.m"; sourceTree = "<group>"; };
		3102AD681B09708E00CC7A6C /* SDImageCache.h */ = {isa = PBXFileReference; fileEncoding = 4; lastKnownFileType = sourcecode.c.h; path = SDImageCache.h; sourceTree = "<group>"; };
		3102AD691B09708E00CC7A6C /* SDImageCache.m */ = {isa = PBXFileReference; fileEncoding = 4; lastKnownFileType = sourcecode.c.objc; path = SDImageCache.m; sourceTree = "<group>"; };
		3102AD6A1B09708E00CC7A6C /* SDWebImageCompat.h */ = {isa = PBXFileReference; fileEncoding = 4; lastKnownFileType = sourcecode.c.h; path = SDWebImageCompat.h; sourceTree = "<group>"; };
		3102AD6B1B09708E00CC7A6C /* SDWebImageCompat.m */ = {isa = PBXFileReference; fileEncoding = 4; lastKnownFileType = sourcecode.c.objc; path = SDWebImageCompat.m; sourceTree = "<group>"; };
		3102AD6C1B09708E00CC7A6C /* SDWebImageDecoder.h */ = {isa = PBXFileReference; fileEncoding = 4; lastKnownFileType = sourcecode.c.h; path = SDWebImageDecoder.h; sourceTree = "<group>"; };
		3102AD6D1B09708E00CC7A6C /* SDWebImageDecoder.m */ = {isa = PBXFileReference; fileEncoding = 4; lastKnownFileType = sourcecode.c.objc; path = SDWebImageDecoder.m; sourceTree = "<group>"; };
		3102AD6E1B09708E00CC7A6C /* SDWebImageDownloader.h */ = {isa = PBXFileReference; fileEncoding = 4; lastKnownFileType = sourcecode.c.h; path = SDWebImageDownloader.h; sourceTree = "<group>"; };
		3102AD6F1B09708E00CC7A6C /* SDWebImageDownloader.m */ = {isa = PBXFileReference; fileEncoding = 4; lastKnownFileType = sourcecode.c.objc; path = SDWebImageDownloader.m; sourceTree = "<group>"; };
		3102AD701B09708E00CC7A6C /* SDWebImageDownloaderOperation.h */ = {isa = PBXFileReference; fileEncoding = 4; lastKnownFileType = sourcecode.c.h; path = SDWebImageDownloaderOperation.h; sourceTree = "<group>"; };
		3102AD711B09708E00CC7A6C /* SDWebImageDownloaderOperation.m */ = {isa = PBXFileReference; fileEncoding = 4; lastKnownFileType = sourcecode.c.objc; path = SDWebImageDownloaderOperation.m; sourceTree = "<group>"; };
		3102AD721B09708E00CC7A6C /* SDWebImageManager.h */ = {isa = PBXFileReference; fileEncoding = 4; lastKnownFileType = sourcecode.c.h; path = SDWebImageManager.h; sourceTree = "<group>"; };
		3102AD731B09708E00CC7A6C /* SDWebImageManager.m */ = {isa = PBXFileReference; fileEncoding = 4; lastKnownFileType = sourcecode.c.objc; path = SDWebImageManager.m; sourceTree = "<group>"; };
		3102AD741B09708E00CC7A6C /* SDWebImageOperation.h */ = {isa = PBXFileReference; fileEncoding = 4; lastKnownFileType = sourcecode.c.h; path = SDWebImageOperation.h; sourceTree = "<group>"; };
		3102AD751B09708E00CC7A6C /* SDWebImagePrefetcher.h */ = {isa = PBXFileReference; fileEncoding = 4; lastKnownFileType = sourcecode.c.h; path = SDWebImagePrefetcher.h; sourceTree = "<group>"; };
		3102AD761B09708E00CC7A6C /* SDWebImagePrefetcher.m */ = {isa = PBXFileReference; fileEncoding = 4; lastKnownFileType = sourcecode.c.objc; path = SDWebImagePrefetcher.m; sourceTree = "<group>"; };
		3102AD771B09708E00CC7A6C /* UIButton+WebCache.h */ = {isa = PBXFileReference; fileEncoding = 4; lastKnownFileType = sourcecode.c.h; path = "UIButton+WebCache.h"; sourceTree = "<group>"; };
		3102AD781B09708E00CC7A6C /* UIButton+WebCache.m */ = {isa = PBXFileReference; fileEncoding = 4; lastKnownFileType = sourcecode.c.objc; path = "UIButton+WebCache.m"; sourceTree = "<group>"; };
		3102AD791B09708E00CC7A6C /* UIImage+GIF.h */ = {isa = PBXFileReference; fileEncoding = 4; lastKnownFileType = sourcecode.c.h; path = "UIImage+GIF.h"; sourceTree = "<group>"; };
		3102AD7A1B09708E00CC7A6C /* UIImage+GIF.m */ = {isa = PBXFileReference; fileEncoding = 4; lastKnownFileType = sourcecode.c.objc; path = "UIImage+GIF.m"; sourceTree = "<group>"; };
		3102AD7B1B09708E00CC7A6C /* UIImage+MultiFormat.h */ = {isa = PBXFileReference; fileEncoding = 4; lastKnownFileType = sourcecode.c.h; path = "UIImage+MultiFormat.h"; sourceTree = "<group>"; };
		3102AD7C1B09708E00CC7A6C /* UIImage+MultiFormat.m */ = {isa = PBXFileReference; fileEncoding = 4; lastKnownFileType = sourcecode.c.objc; path = "UIImage+MultiFormat.m"; sourceTree = "<group>"; };
		3102AD7D1B09708E00CC7A6C /* UIImage+WebP.h */ = {isa = PBXFileReference; fileEncoding = 4; lastKnownFileType = sourcecode.c.h; path = "UIImage+WebP.h"; sourceTree = "<group>"; };
		3102AD7E1B09708E00CC7A6C /* UIImage+WebP.m */ = {isa = PBXFileReference; fileEncoding = 4; lastKnownFileType = sourcecode.c.objc; path = "UIImage+WebP.m"; sourceTree = "<group>"; };
		3102AD7F1B09708E00CC7A6C /* UIImageView+HighlightedWebCache.h */ = {isa = PBXFileReference; fileEncoding = 4; lastKnownFileType = sourcecode.c.h; path = "UIImageView+HighlightedWebCache.h"; sourceTree = "<group>"; };
		3102AD801B09708E00CC7A6C /* UIImageView+HighlightedWebCache.m */ = {isa = PBXFileReference; fileEncoding = 4; lastKnownFileType = sourcecode.c.objc; path = "UIImageView+HighlightedWebCache.m"; sourceTree = "<group>"; };
		3102AD811B09708E00CC7A6C /* UIImageView+WebCache.h */ = {isa = PBXFileReference; fileEncoding = 4; lastKnownFileType = sourcecode.c.h; path = "UIImageView+WebCache.h"; sourceTree = "<group>"; };
		3102AD821B09708E00CC7A6C /* UIImageView+WebCache.m */ = {isa = PBXFileReference; fileEncoding = 4; lastKnownFileType = sourcecode.c.objc; path = "UIImageView+WebCache.m"; sourceTree = "<group>"; };
		3102AD831B09708E00CC7A6C /* UIView+WebCacheOperation.h */ = {isa = PBXFileReference; fileEncoding = 4; lastKnownFileType = sourcecode.c.h; path = "UIView+WebCacheOperation.h"; sourceTree = "<group>"; };
		3102AD841B09708E00CC7A6C /* UIView+WebCacheOperation.m */ = {isa = PBXFileReference; fileEncoding = 4; lastKnownFileType = sourcecode.c.objc; path = "UIView+WebCacheOperation.m"; sourceTree = "<group>"; };
		3102AD951B0A3D4700CC7A6C /* BGAUser.h */ = {isa = PBXFileReference; fileEncoding = 4; lastKnownFileType = sourcecode.c.h; path = BGAUser.h; sourceTree = "<group>"; };
		3102AD961B0A3D4700CC7A6C /* BGAUser.m */ = {isa = PBXFileReference; fileEncoding = 4; lastKnownFileType = sourcecode.c.objc; path = BGAUser.m; sourceTree = "<group>"; };
		3102AD981B0A3E8E00CC7A6C /* BGAStatus.h */ = {isa = PBXFileReference; fileEncoding = 4; lastKnownFileType = sourcecode.c.h; path = BGAStatus.h; sourceTree = "<group>"; };
		3102AD991B0A3E8E00CC7A6C /* BGAStatus.m */ = {isa = PBXFileReference; fileEncoding = 4; lastKnownFileType = sourcecode.c.objc; path = BGAStatus.m; sourceTree = "<group>"; };
		3102AD9C1B0ABC9700CC7A6C /* MJConst.h */ = {isa = PBXFileReference; fileEncoding = 4; lastKnownFileType = sourcecode.c.h; path = MJConst.h; sourceTree = "<group>"; };
		3102AD9D1B0ABC9700CC7A6C /* MJConst.m */ = {isa = PBXFileReference; fileEncoding = 4; lastKnownFileType = sourcecode.c.objc; path = MJConst.m; sourceTree = "<group>"; };
		3102AD9E1B0ABC9700CC7A6C /* MJExtension.h */ = {isa = PBXFileReference; fileEncoding = 4; lastKnownFileType = sourcecode.c.h; path = MJExtension.h; sourceTree = "<group>"; };
		3102AD9F1B0ABC9700CC7A6C /* MJFoundation.h */ = {isa = PBXFileReference; fileEncoding = 4; lastKnownFileType = sourcecode.c.h; path = MJFoundation.h; sourceTree = "<group>"; };
		3102ADA01B0ABC9700CC7A6C /* MJFoundation.m */ = {isa = PBXFileReference; fileEncoding = 4; lastKnownFileType = sourcecode.c.objc; path = MJFoundation.m; sourceTree = "<group>"; };
		3102ADA11B0ABC9700CC7A6C /* MJProperty.h */ = {isa = PBXFileReference; fileEncoding = 4; lastKnownFileType = sourcecode.c.h; path = MJProperty.h; sourceTree = "<group>"; };
		3102ADA21B0ABC9700CC7A6C /* MJProperty.m */ = {isa = PBXFileReference; fileEncoding = 4; lastKnownFileType = sourcecode.c.objc; path = MJProperty.m; sourceTree = "<group>"; };
		3102ADA31B0ABC9700CC7A6C /* MJType.h */ = {isa = PBXFileReference; fileEncoding = 4; lastKnownFileType = sourcecode.c.h; path = MJType.h; sourceTree = "<group>"; };
		3102ADA41B0ABC9700CC7A6C /* MJType.m */ = {isa = PBXFileReference; fileEncoding = 4; lastKnownFileType = sourcecode.c.objc; path = MJType.m; sourceTree = "<group>"; };
		3102ADA51B0ABC9700CC7A6C /* NSObject+MJCoding.h */ = {isa = PBXFileReference; fileEncoding = 4; lastKnownFileType = sourcecode.c.h; path = "NSObject+MJCoding.h"; sourceTree = "<group>"; };
		3102ADA61B0ABC9700CC7A6C /* NSObject+MJCoding.m */ = {isa = PBXFileReference; fileEncoding = 4; lastKnownFileType = sourcecode.c.objc; path = "NSObject+MJCoding.m"; sourceTree = "<group>"; };
		3102ADA71B0ABC9700CC7A6C /* NSObject+MJKeyValue.h */ = {isa = PBXFileReference; fileEncoding = 4; lastKnownFileType = sourcecode.c.h; path = "NSObject+MJKeyValue.h"; sourceTree = "<group>"; };
		3102ADA81B0ABC9700CC7A6C /* NSObject+MJKeyValue.m */ = {isa = PBXFileReference; fileEncoding = 4; lastKnownFileType = sourcecode.c.objc; path = "NSObject+MJKeyValue.m"; sourceTree = "<group>"; };
		3102ADA91B0ABC9700CC7A6C /* NSObject+MJProperty.h */ = {isa = PBXFileReference; fileEncoding = 4; lastKnownFileType = sourcecode.c.h; path = "NSObject+MJProperty.h"; sourceTree = "<group>"; };
		3102ADAA1B0ABC9700CC7A6C /* NSObject+MJProperty.m */ = {isa = PBXFileReference; fileEncoding = 4; lastKnownFileType = sourcecode.c.objc; path = "NSObject+MJProperty.m"; sourceTree = "<group>"; };
		3102ADAB1B0ABC9700CC7A6C /* NSString+MJExtension.h */ = {isa = PBXFileReference; fileEncoding = 4; lastKnownFileType = sourcecode.c.h; path = "NSString+MJExtension.h"; sourceTree = "<group>"; };
		3102ADAC1B0ABC9700CC7A6C /* NSString+MJExtension.m */ = {isa = PBXFileReference; fileEncoding = 4; lastKnownFileType = sourcecode.c.objc; path = "NSString+MJExtension.m"; sourceTree = "<group>"; };
		3102ADB61B0B7DE400CC7A6C /* BGALoadMoreFooter.h */ = {isa = PBXFileReference; fileEncoding = 4; lastKnownFileType = sourcecode.c.h; path = BGALoadMoreFooter.h; sourceTree = "<group>"; };
		3102ADB71B0B7DE400CC7A6C /* BGALoadMoreFooter.m */ = {isa = PBXFileReference; fileEncoding = 4; lastKnownFileType = sourcecode.c.objc; path = BGALoadMoreFooter.m; sourceTree = "<group>"; };
		3102ADB91B0B7E1300CC7A6C /* BGALoadMoreFooter.xib */ = {isa = PBXFileReference; fileEncoding = 4; lastKnownFileType = file.xib; path = BGALoadMoreFooter.xib; sourceTree = "<group>"; };
		314331201B418E1B00C6AD05 /* BGAStatusPhotoView.h */ = {isa = PBXFileReference; fileEncoding = 4; lastKnownFileType = sourcecode.c.h; path = BGAStatusPhotoView.h; sourceTree = "<group>"; };
		314331211B418E1B00C6AD05 /* BGAStatusPhotoView.m */ = {isa = PBXFileReference; fileEncoding = 4; lastKnownFileType = sourcecode.c.objc; path = BGAStatusPhotoView.m; sourceTree = "<group>"; };
		314331261B42F05200C6AD05 /* BGAAvatarView.h */ = {isa = PBXFileReference; fileEncoding = 4; lastKnownFileType = sourcecode.c.h; path = BGAAvatarView.h; sourceTree = "<group>"; };
		314331271B42F05200C6AD05 /* BGAAvatarView.m */ = {isa = PBXFileReference; fileEncoding = 4; lastKnownFileType = sourcecode.c.objc; path = BGAAvatarView.m; sourceTree = "<group>"; };
		3177E3581B38404200921C9A /* NSDate+Extension.h */ = {isa = PBXFileReference; fileEncoding = 4; lastKnownFileType = sourcecode.c.h; path = "NSDate+Extension.h"; sourceTree = "<group>"; };
		3177E3591B38404200921C9A /* NSDate+Extension.m */ = {isa = PBXFileReference; fileEncoding = 4; lastKnownFileType = sourcecode.c.objc; path = "NSDate+Extension.m"; sourceTree = "<group>"; };
		3177E35B1B3862BB00921C9A /* NSString+Extension.h */ = {isa = PBXFileReference; fileEncoding = 4; lastKnownFileType = sourcecode.c.h; path = "NSString+Extension.h"; sourceTree = "<group>"; };
		3177E35C1B3862BB00921C9A /* NSString+Extension.m */ = {isa = PBXFileReference; fileEncoding = 4; lastKnownFileType = sourcecode.c.objc; path = "NSString+Extension.m"; sourceTree = "<group>"; };
		317BF9A21B2DDACC008B1B1A /* BGAPhoto.h */ = {isa = PBXFileReference; fileEncoding = 4; lastKnownFileType = sourcecode.c.h; path = BGAPhoto.h; sourceTree = "<group>"; };
		317BF9A31B2DDACC008B1B1A /* BGAPhoto.m */ = {isa = PBXFileReference; fileEncoding = 4; lastKnownFileType = sourcecode.c.objc; path = BGAPhoto.m; sourceTree = "<group>"; };
		317BF9A51B2DDF62008B1B1A /* BGAExtensionConfig.h */ = {isa = PBXFileReference; fileEncoding = 4; lastKnownFileType = sourcecode.c.h; path = BGAExtensionConfig.h; sourceTree = "<group>"; };
		317BF9A61B2DDF62008B1B1A /* BGAExtensionConfig.m */ = {isa = PBXFileReference; fileEncoding = 4; lastKnownFileType = sourcecode.c.objc; path = BGAExtensionConfig.m; sourceTree = "<group>"; };
		317BF9A81B3083A9008B1B1A /* BGAStatusToolbar.h */ = {isa = PBXFileReference; fileEncoding = 4; lastKnownFileType = sourcecode.c.h; path = BGAStatusToolbar.h; sourceTree = "<group>"; };
		317BF9A91B3083A9008B1B1A /* BGAStatusToolbar.m */ = {isa = PBXFileReference; fileEncoding = 4; lastKnownFileType = sourcecode.c.objc; path = BGAStatusToolbar.m; sourceTree = "<group>"; };
		317E4CF71B23EB8C00A2F730 /* BGAStatusCell.h */ = {isa = PBXFileReference; fileEncoding = 4; lastKnownFileType = sourcecode.c.h; path = BGAStatusCell.h; sourceTree = "<group>"; };
		317E4CF81B23EB8D00A2F730 /* BGAStatusCell.m */ = {isa = PBXFileReference; fileEncoding = 4; lastKnownFileType = sourcecode.c.objc; path = BGAStatusCell.m; sourceTree = "<group>"; };
		31903F0E1AF5F94B006A2A46 /* WeiBo.app */ = {isa = PBXFileReference; explicitFileType = wrapper.application; includeInIndex = 0; path = WeiBo.app; sourceTree = BUILT_PRODUCTS_DIR; };
		31903F121AF5F94C006A2A46 /* Info.plist */ = {isa = PBXFileReference; lastKnownFileType = text.plist.xml; path = Info.plist; sourceTree = "<group>"; };
		31903F1E1AF5F94C006A2A46 /* Images.xcassets */ = {isa = PBXFileReference; lastKnownFileType = folder.assetcatalog; path = Images.xcassets; sourceTree = "<group>"; };
		31903F271AF5F94C006A2A46 /* WeiBoTests.xctest */ = {isa = PBXFileReference; explicitFileType = wrapper.cfbundle; includeInIndex = 0; path = WeiBoTests.xctest; sourceTree = BUILT_PRODUCTS_DIR; };
		31903F2C1AF5F94C006A2A46 /* Info.plist */ = {isa = PBXFileReference; lastKnownFileType = text.plist.xml; path = Info.plist; sourceTree = "<group>"; };
		31903F2D1AF5F94C006A2A46 /* WeiBoTests.m */ = {isa = PBXFileReference; lastKnownFileType = sourcecode.c.objc; path = WeiBoTests.m; sourceTree = "<group>"; };
		31903F3D1AF62048006A2A46 /* WeiBo-Prefix.pch */ = {isa = PBXFileReference; lastKnownFileType = sourcecode.c.h; path = "WeiBo-Prefix.pch"; sourceTree = "<group>"; };
		31903F601AF6F83E006A2A46 /* BGADiscoverViewController.h */ = {isa = PBXFileReference; fileEncoding = 4; lastKnownFileType = sourcecode.c.h; path = BGADiscoverViewController.h; sourceTree = "<group>"; };
		31903F611AF6F83E006A2A46 /* BGADiscoverViewController.m */ = {isa = PBXFileReference; fileEncoding = 4; lastKnownFileType = sourcecode.c.objc; path = BGADiscoverViewController.m; sourceTree = "<group>"; };
		31903F661AF6F83E006A2A46 /* BGAHomeViewController.h */ = {isa = PBXFileReference; fileEncoding = 4; lastKnownFileType = sourcecode.c.h; path = BGAHomeViewController.h; sourceTree = "<group>"; };
		31903F671AF6F83E006A2A46 /* BGAHomeViewController.m */ = {isa = PBXFileReference; fileEncoding = 4; lastKnownFileType = sourcecode.c.objc; path = BGAHomeViewController.m; sourceTree = "<group>"; };
		31903F6C1AF6F83E006A2A46 /* UIView+Extension.h */ = {isa = PBXFileReference; fileEncoding = 4; lastKnownFileType = sourcecode.c.h; path = "UIView+Extension.h"; sourceTree = "<group>"; };
		31903F6D1AF6F83E006A2A46 /* UIView+Extension.m */ = {isa = PBXFileReference; fileEncoding = 4; lastKnownFileType = sourcecode.c.objc; path = "UIView+Extension.m"; sourceTree = "<group>"; };
		31903F6F1AF6F83E006A2A46 /* BGANavigationController.h */ = {isa = PBXFileReference; fileEncoding = 4; lastKnownFileType = sourcecode.c.h; path = BGANavigationController.h; sourceTree = "<group>"; };
		31903F701AF6F83E006A2A46 /* BGANavigationController.m */ = {isa = PBXFileReference; fileEncoding = 4; lastKnownFileType = sourcecode.c.objc; path = BGANavigationController.m; sourceTree = "<group>"; };
		31903F711AF6F83E006A2A46 /* BGATabBarViewController.h */ = {isa = PBXFileReference; fileEncoding = 4; lastKnownFileType = sourcecode.c.h; path = BGATabBarViewController.h; sourceTree = "<group>"; };
		31903F721AF6F83E006A2A46 /* BGATabBarViewController.m */ = {isa = PBXFileReference; fileEncoding = 4; lastKnownFileType = sourcecode.c.objc; path = BGATabBarViewController.m; sourceTree = "<group>"; };
		31903F761AF6F83E006A2A46 /* AppDelegate.h */ = {isa = PBXFileReference; fileEncoding = 4; lastKnownFileType = sourcecode.c.h; path = AppDelegate.h; sourceTree = "<group>"; };
		31903F771AF6F83E006A2A46 /* AppDelegate.m */ = {isa = PBXFileReference; fileEncoding = 4; lastKnownFileType = sourcecode.c.objc; path = AppDelegate.m; sourceTree = "<group>"; };
		31903F781AF6F83E006A2A46 /* main.m */ = {isa = PBXFileReference; fileEncoding = 4; lastKnownFileType = sourcecode.c.objc; path = main.m; sourceTree = "<group>"; };
		31903F7C1AF6F83E006A2A46 /* BGAMessageCenterViewController.h */ = {isa = PBXFileReference; fileEncoding = 4; lastKnownFileType = sourcecode.c.h; path = BGAMessageCenterViewController.h; sourceTree = "<group>"; };
		31903F7D1AF6F83E006A2A46 /* BGAMessageCenterViewController.m */ = {isa = PBXFileReference; fileEncoding = 4; lastKnownFileType = sourcecode.c.objc; path = BGAMessageCenterViewController.m; sourceTree = "<group>"; };
		31903F821AF6F83E006A2A46 /* BGAProfileViewController.h */ = {isa = PBXFileReference; fileEncoding = 4; lastKnownFileType = sourcecode.c.h; path = BGAProfileViewController.h; sourceTree = "<group>"; };
		31903F831AF6F83E006A2A46 /* BGAProfileViewController.m */ = {isa = PBXFileReference; fileEncoding = 4; lastKnownFileType = sourcecode.c.objc; path = BGAProfileViewController.m; sourceTree = "<group>"; };
		31903F881AF6F83E006A2A46 /* BGATest1ViewController.h */ = {isa = PBXFileReference; fileEncoding = 4; lastKnownFileType = sourcecode.c.h; path = BGATest1ViewController.h; sourceTree = "<group>"; };
		31903F891AF6F83E006A2A46 /* BGATest1ViewController.m */ = {isa = PBXFileReference; fileEncoding = 4; lastKnownFileType = sourcecode.c.objc; path = BGATest1ViewController.m; sourceTree = "<group>"; };
		31903F8A1AF6F83E006A2A46 /* BGATest2ViewController.h */ = {isa = PBXFileReference; fileEncoding = 4; lastKnownFileType = sourcecode.c.h; path = BGATest2ViewController.h; sourceTree = "<group>"; };
		31903F8B1AF6F83E006A2A46 /* BGATest2ViewController.m */ = {isa = PBXFileReference; fileEncoding = 4; lastKnownFileType = sourcecode.c.objc; path = BGATest2ViewController.m; sourceTree = "<group>"; };
		31903F8C1AF6F83E006A2A46 /* BGATest3ViewController.h */ = {isa = PBXFileReference; fileEncoding = 4; lastKnownFileType = sourcecode.c.h; path = BGATest3ViewController.h; sourceTree = "<group>"; };
		31903F8D1AF6F83E006A2A46 /* BGATest3ViewController.m */ = {isa = PBXFileReference; fileEncoding = 4; lastKnownFileType = sourcecode.c.objc; path = BGATest3ViewController.m; sourceTree = "<group>"; };
		31903F9C1AF83E38006A2A46 /* UIBarButtonItem+Extension.h */ = {isa = PBXFileReference; fileEncoding = 4; lastKnownFileType = sourcecode.c.h; path = "UIBarButtonItem+Extension.h"; sourceTree = "<group>"; };
		31903F9D1AF83E38006A2A46 /* UIBarButtonItem+Extension.m */ = {isa = PBXFileReference; fileEncoding = 4; lastKnownFileType = sourcecode.c.objc; path = "UIBarButtonItem+Extension.m"; sourceTree = "<group>"; };
		31903F9F1AF8F586006A2A46 /* BGASearchBar.h */ = {isa = PBXFileReference; fileEncoding = 4; lastKnownFileType = sourcecode.c.h; path = BGASearchBar.h; sourceTree = "<group>"; };
		31903FA01AF8F587006A2A46 /* BGASearchBar.m */ = {isa = PBXFileReference; fileEncoding = 4; lastKnownFileType = sourcecode.c.objc; path = BGASearchBar.m; sourceTree = "<group>"; };
		31903FA21AF8FBD4006A2A46 /* BGATitleButton.h */ = {isa = PBXFileReference; fileEncoding = 4; lastKnownFileType = sourcecode.c.h; path = BGATitleButton.h; sourceTree = "<group>"; };
		31903FA31AF8FBD4006A2A46 /* BGATitleButton.m */ = {isa = PBXFileReference; fileEncoding = 4; lastKnownFileType = sourcecode.c.objc; path = BGATitleButton.m; sourceTree = "<group>"; };
		31903FA81AF912AD006A2A46 /* BGADropdownMenu.h */ = {isa = PBXFileReference; fileEncoding = 4; lastKnownFileType = sourcecode.c.h; path = BGADropdownMenu.h; sourceTree = "<group>"; };
		31903FA91AF912AD006A2A46 /* BGADropdownMenu.m */ = {isa = PBXFileReference; fileEncoding = 4; lastKnownFileType = sourcecode.c.objc; path = BGADropdownMenu.m; sourceTree = "<group>"; };
		31903FAE1AF99350006A2A46 /* BGAHomeTitleViewController.h */ = {isa = PBXFileReference; fileEncoding = 4; lastKnownFileType = sourcecode.c.h; path = BGAHomeTitleViewController.h; sourceTree = "<group>"; };
		31903FAF1AF99350006A2A46 /* BGAHomeTitleViewController.m */ = {isa = PBXFileReference; fileEncoding = 4; lastKnownFileType = sourcecode.c.objc; path = BGAHomeTitleViewController.m; sourceTree = "<group>"; };
		31903FB11AFA5B16006A2A46 /* BGATabBar.h */ = {isa = PBXFileReference; fileEncoding = 4; lastKnownFileType = sourcecode.c.h; path = BGATabBar.h; sourceTree = "<group>"; };
		31903FB21AFA5B16006A2A46 /* BGATabBar.m */ = {isa = PBXFileReference; fileEncoding = 4; lastKnownFileType = sourcecode.c.objc; path = BGATabBar.m; sourceTree = "<group>"; };
		31903FB61AFC3690006A2A46 /* BGANewFeatureViewController.h */ = {isa = PBXFileReference; fileEncoding = 4; lastKnownFileType = sourcecode.c.h; path = BGANewFeatureViewController.h; sourceTree = "<group>"; };
		31903FB71AFC3690006A2A46 /* BGANewFeatureViewController.m */ = {isa = PBXFileReference; fileEncoding = 4; lastKnownFileType = sourcecode.c.objc; path = BGANewFeatureViewController.m; sourceTree = "<group>"; };
		31903FBB1B00F33F006A2A46 /* BGAOAuthViewController.h */ = {isa = PBXFileReference; fileEncoding = 4; lastKnownFileType = sourcecode.c.h; path = BGAOAuthViewController.h; sourceTree = "<group>"; };
		31903FBC1B00F33F006A2A46 /* BGAOAuthViewController.m */ = {isa = PBXFileReference; fileEncoding = 4; lastKnownFileType = sourcecode.c.objc; path = BGAOAuthViewController.m; sourceTree = "<group>"; };
		31903FBF1B0183A8006A2A46 /* AFHTTPRequestOperation.h */ = {isa = PBXFileReference; fileEncoding = 4; lastKnownFileType = sourcecode.c.h; path = AFHTTPRequestOperation.h; sourceTree = "<group>"; };
		31903FC01B0183A8006A2A46 /* AFHTTPRequestOperation.m */ = {isa = PBXFileReference; fileEncoding = 4; lastKnownFileType = sourcecode.c.objc; path = AFHTTPRequestOperation.m; sourceTree = "<group>"; };
		31903FC11B0183A8006A2A46 /* AFHTTPRequestOperationManager.h */ = {isa = PBXFileReference; fileEncoding = 4; lastKnownFileType = sourcecode.c.h; path = AFHTTPRequestOperationManager.h; sourceTree = "<group>"; };
		31903FC21B0183A8006A2A46 /* AFHTTPRequestOperationManager.m */ = {isa = PBXFileReference; fileEncoding = 4; lastKnownFileType = sourcecode.c.objc; path = AFHTTPRequestOperationManager.m; sourceTree = "<group>"; };
		31903FC31B0183A8006A2A46 /* AFHTTPSessionManager.h */ = {isa = PBXFileReference; fileEncoding = 4; lastKnownFileType = sourcecode.c.h; path = AFHTTPSessionManager.h; sourceTree = "<group>"; };
		31903FC41B0183A8006A2A46 /* AFHTTPSessionManager.m */ = {isa = PBXFileReference; fileEncoding = 4; lastKnownFileType = sourcecode.c.objc; path = AFHTTPSessionManager.m; sourceTree = "<group>"; };
		31903FC51B0183A8006A2A46 /* AFNetworking.h */ = {isa = PBXFileReference; fileEncoding = 4; lastKnownFileType = sourcecode.c.h; path = AFNetworking.h; sourceTree = "<group>"; };
		31903FC61B0183A8006A2A46 /* AFNetworkReachabilityManager.h */ = {isa = PBXFileReference; fileEncoding = 4; lastKnownFileType = sourcecode.c.h; path = AFNetworkReachabilityManager.h; sourceTree = "<group>"; };
		31903FC71B0183A8006A2A46 /* AFNetworkReachabilityManager.m */ = {isa = PBXFileReference; fileEncoding = 4; lastKnownFileType = sourcecode.c.objc; path = AFNetworkReachabilityManager.m; sourceTree = "<group>"; };
		31903FC81B0183A8006A2A46 /* AFSecurityPolicy.h */ = {isa = PBXFileReference; fileEncoding = 4; lastKnownFileType = sourcecode.c.h; path = AFSecurityPolicy.h; sourceTree = "<group>"; };
		31903FC91B0183A8006A2A46 /* AFSecurityPolicy.m */ = {isa = PBXFileReference; fileEncoding = 4; lastKnownFileType = sourcecode.c.objc; path = AFSecurityPolicy.m; sourceTree = "<group>"; };
		31903FCA1B0183A8006A2A46 /* AFURLConnectionOperation.h */ = {isa = PBXFileReference; fileEncoding = 4; lastKnownFileType = sourcecode.c.h; path = AFURLConnectionOperation.h; sourceTree = "<group>"; };
		31903FCB1B0183A8006A2A46 /* AFURLConnectionOperation.m */ = {isa = PBXFileReference; fileEncoding = 4; lastKnownFileType = sourcecode.c.objc; path = AFURLConnectionOperation.m; sourceTree = "<group>"; };
		31903FCC1B0183A8006A2A46 /* AFURLRequestSerialization.h */ = {isa = PBXFileReference; fileEncoding = 4; lastKnownFileType = sourcecode.c.h; path = AFURLRequestSerialization.h; sourceTree = "<group>"; };
		31903FCD1B0183A8006A2A46 /* AFURLRequestSerialization.m */ = {isa = PBXFileReference; fileEncoding = 4; lastKnownFileType = sourcecode.c.objc; path = AFURLRequestSerialization.m; sourceTree = "<group>"; };
		31903FCE1B0183A8006A2A46 /* AFURLResponseSerialization.h */ = {isa = PBXFileReference; fileEncoding = 4; lastKnownFileType = sourcecode.c.h; path = AFURLResponseSerialization.h; sourceTree = "<group>"; };
		31903FCF1B0183A8006A2A46 /* AFURLResponseSerialization.m */ = {isa = PBXFileReference; fileEncoding = 4; lastKnownFileType = sourcecode.c.objc; path = AFURLResponseSerialization.m; sourceTree = "<group>"; };
		31903FD01B0183A8006A2A46 /* AFURLSessionManager.h */ = {isa = PBXFileReference; fileEncoding = 4; lastKnownFileType = sourcecode.c.h; path = AFURLSessionManager.h; sourceTree = "<group>"; };
		31903FD11B0183A8006A2A46 /* AFURLSessionManager.m */ = {isa = PBXFileReference; fileEncoding = 4; lastKnownFileType = sourcecode.c.objc; path = AFURLSessionManager.m; sourceTree = "<group>"; };
		31903FDB1B025173006A2A46 /* local.json */ = {isa = PBXFileReference; fileEncoding = 4; lastKnownFileType = text.json; path = local.json; sourceTree = "<group>"; };
		31903FDE1B0254A9006A2A46 /* BGALocal.h */ = {isa = PBXFileReference; fileEncoding = 4; lastKnownFileType = sourcecode.c.h; path = BGALocal.h; sourceTree = "<group>"; };
		31903FDF1B0254A9006A2A46 /* BGALocal.m */ = {isa = PBXFileReference; fileEncoding = 4; lastKnownFileType = sourcecode.c.objc; path = BGALocal.m; sourceTree = "<group>"; };
		31903FE11B02D5D0006A2A46 /* BGAAccount.h */ = {isa = PBXFileReference; fileEncoding = 4; lastKnownFileType = sourcecode.c.h; path = BGAAccount.h; sourceTree = "<group>"; };
		31903FE21B02D5D0006A2A46 /* BGAAccount.m */ = {isa = PBXFileReference; fileEncoding = 4; lastKnownFileType = sourcecode.c.objc; path = BGAAccount.m; sourceTree = "<group>"; };
		31903FE51B036EF1006A2A46 /* MBProgressHUD+MJ.h */ = {isa = PBXFileReference; fileEncoding = 4; lastKnownFileType = sourcecode.c.h; path = "MBProgressHUD+MJ.h"; sourceTree = "<group>"; };
		31903FE61B036EF1006A2A46 /* MBProgressHUD+MJ.m */ = {isa = PBXFileReference; fileEncoding = 4; lastKnownFileType = sourcecode.c.objc; path = "MBProgressHUD+MJ.m"; sourceTree = "<group>"; };
		31903FE71B036EF1006A2A46 /* MBProgressHUD.bundle */ = {isa = PBXFileReference; lastKnownFileType = "wrapper.plug-in"; path = MBProgressHUD.bundle; sourceTree = "<group>"; };
		31903FE81B036EF1006A2A46 /* MBProgressHUD.h */ = {isa = PBXFileReference; fileEncoding = 4; lastKnownFileType = sourcecode.c.h; path = MBProgressHUD.h; sourceTree = "<group>"; };
		31903FE91B036EF1006A2A46 /* MBProgressHUD.m */ = {isa = PBXFileReference; fileEncoding = 4; lastKnownFileType = sourcecode.c.objc; path = MBProgressHUD.m; sourceTree = "<group>"; };
		31903FEE1B0378B9006A2A46 /* BGAAccountTool.h */ = {isa = PBXFileReference; fileEncoding = 4; lastKnownFileType = sourcecode.c.h; path = BGAAccountTool.h; sourceTree = "<group>"; };
		31903FEF1B0378B9006A2A46 /* BGAAccountTool.m */ = {isa = PBXFileReference; fileEncoding = 4; lastKnownFileType = sourcecode.c.objc; path = BGAAccountTool.m; sourceTree = "<group>"; };
		31903FF11B038434006A2A46 /* UIWindow+Extension.h */ = {isa = PBXFileReference; fileEncoding = 4; lastKnownFileType = sourcecode.c.h; path = "UIWindow+Extension.h"; sourceTree = "<group>"; };
		31903FF21B038434006A2A46 /* UIWindow+Extension.m */ = {isa = PBXFileReference; fileEncoding = 4; lastKnownFileType = sourcecode.c.objc; path = "UIWindow+Extension.m"; sourceTree = "<group>"; };
		31BFEED01B56B1E600B32B82 /* BGAPublishPhotosView.h */ = {isa = PBXFileReference; fileEncoding = 4; lastKnownFileType = sourcecode.c.h; path = BGAPublishPhotosView.h; sourceTree = "<group>"; };
		31BFEED11B56B1E600B32B82 /* BGAPublishPhotosView.m */ = {isa = PBXFileReference; fileEncoding = 4; lastKnownFileType = sourcecode.c.objc; path = BGAPublishPhotosView.m; sourceTree = "<group>"; };
		31DA1C531B5433C000FBEA83 /* BGATextView.h */ = {isa = PBXFileReference; fileEncoding = 4; lastKnownFileType = sourcecode.c.h; path = BGATextView.h; sourceTree = "<group>"; };
		31DA1C541B5433C000FBEA83 /* BGATextView.m */ = {isa = PBXFileReference; fileEncoding = 4; lastKnownFileType = sourcecode.c.objc; path = BGATextView.m; sourceTree = "<group>"; };
		31DA1C571B556A6B00FBEA83 /* BGAPublishToolbar.h */ = {isa = PBXFileReference; fileEncoding = 4; lastKnownFileType = sourcecode.c.h; path = BGAPublishToolbar.h; sourceTree = "<group>"; };
		31DA1C581B556A6B00FBEA83 /* BGAPublishToolbar.m */ = {isa = PBXFileReference; fileEncoding = 4; lastKnownFileType = sourcecode.c.objc; path = BGAPublishToolbar.m; sourceTree = "<group>"; };
		31E336951B40484900BC12E4 /* BGAStatusPhotosView.h */ = {isa = PBXFileReference; fileEncoding = 4; lastKnownFileType = sourcecode.c.h; path = BGAStatusPhotosView.h; sourceTree = "<group>"; };
		31E336961B40484900BC12E4 /* BGAStatusPhotosView.m */ = {isa = PBXFileReference; fileEncoding = 4; lastKnownFileType = sourcecode.c.objc; path = BGAStatusPhotosView.m; sourceTree = "<group>"; };
		31EA40C31B4EBF4B00849D81 /* BGAPublishViewController.h */ = {isa = PBXFileReference; fileEncoding = 4; lastKnownFileType = sourcecode.c.h; path = BGAPublishViewController.h; sourceTree = "<group>"; };
		31EA40C41B4EBF4B00849D81 /* BGAPublishViewController.m */ = {isa = PBXFileReference; fileEncoding = 4; lastKnownFileType = sourcecode.c.objc; path = BGAPublishViewController.m; sourceTree = "<group>"; };
/* End PBXFileReference section */

/* Begin PBXFrameworksBuildPhase section */
		31903F0B1AF5F94B006A2A46 /* Frameworks */ = {
			isa = PBXFrameworksBuildPhase;
			buildActionMask = 2147483647;
			files = (
			);
			runOnlyForDeploymentPostprocessing = 0;
		};
		31903F241AF5F94C006A2A46 /* Frameworks */ = {
			isa = PBXFrameworksBuildPhase;
			buildActionMask = 2147483647;
			files = (
			);
			runOnlyForDeploymentPostprocessing = 0;
		};
/* End PBXFrameworksBuildPhase section */

/* Begin PBXGroup section */
		3102AD631B09708E00CC7A6C /* SDWebImage */ = {
			isa = PBXGroup;
			children = (
				3102AD641B09708E00CC7A6C /* MKAnnotationView+WebCache.h */,
				3102AD651B09708E00CC7A6C /* MKAnnotationView+WebCache.m */,
				3102AD661B09708E00CC7A6C /* NSData+ImageContentType.h */,
				3102AD671B09708E00CC7A6C /* NSData+ImageContentType.m */,
				3102AD681B09708E00CC7A6C /* SDImageCache.h */,
				3102AD691B09708E00CC7A6C /* SDImageCache.m */,
				3102AD6A1B09708E00CC7A6C /* SDWebImageCompat.h */,
				3102AD6B1B09708E00CC7A6C /* SDWebImageCompat.m */,
				3102AD6C1B09708E00CC7A6C /* SDWebImageDecoder.h */,
				3102AD6D1B09708E00CC7A6C /* SDWebImageDecoder.m */,
				3102AD6E1B09708E00CC7A6C /* SDWebImageDownloader.h */,
				3102AD6F1B09708E00CC7A6C /* SDWebImageDownloader.m */,
				3102AD701B09708E00CC7A6C /* SDWebImageDownloaderOperation.h */,
				3102AD711B09708E00CC7A6C /* SDWebImageDownloaderOperation.m */,
				3102AD721B09708E00CC7A6C /* SDWebImageManager.h */,
				3102AD731B09708E00CC7A6C /* SDWebImageManager.m */,
				3102AD741B09708E00CC7A6C /* SDWebImageOperation.h */,
				3102AD751B09708E00CC7A6C /* SDWebImagePrefetcher.h */,
				3102AD761B09708E00CC7A6C /* SDWebImagePrefetcher.m */,
				3102AD771B09708E00CC7A6C /* UIButton+WebCache.h */,
				3102AD781B09708E00CC7A6C /* UIButton+WebCache.m */,
				3102AD791B09708E00CC7A6C /* UIImage+GIF.h */,
				3102AD7A1B09708E00CC7A6C /* UIImage+GIF.m */,
				3102AD7B1B09708E00CC7A6C /* UIImage+MultiFormat.h */,
				3102AD7C1B09708E00CC7A6C /* UIImage+MultiFormat.m */,
				3102AD7D1B09708E00CC7A6C /* UIImage+WebP.h */,
				3102AD7E1B09708E00CC7A6C /* UIImage+WebP.m */,
				3102AD7F1B09708E00CC7A6C /* UIImageView+HighlightedWebCache.h */,
				3102AD801B09708E00CC7A6C /* UIImageView+HighlightedWebCache.m */,
				3102AD811B09708E00CC7A6C /* UIImageView+WebCache.h */,
				3102AD821B09708E00CC7A6C /* UIImageView+WebCache.m */,
				3102AD831B09708E00CC7A6C /* UIView+WebCacheOperation.h */,
				3102AD841B09708E00CC7A6C /* UIView+WebCacheOperation.m */,
			);
			path = SDWebImage;
			sourceTree = "<group>";
		};
		3102AD9B1B0ABC9700CC7A6C /* MJExtension */ = {
			isa = PBXGroup;
			children = (
				3102AD9C1B0ABC9700CC7A6C /* MJConst.h */,
				3102AD9D1B0ABC9700CC7A6C /* MJConst.m */,
				3102AD9E1B0ABC9700CC7A6C /* MJExtension.h */,
				3102AD9F1B0ABC9700CC7A6C /* MJFoundation.h */,
				3102ADA01B0ABC9700CC7A6C /* MJFoundation.m */,
				3102ADA11B0ABC9700CC7A6C /* MJProperty.h */,
				3102ADA21B0ABC9700CC7A6C /* MJProperty.m */,
				3102ADA31B0ABC9700CC7A6C /* MJType.h */,
				3102ADA41B0ABC9700CC7A6C /* MJType.m */,
				3102ADA51B0ABC9700CC7A6C /* NSObject+MJCoding.h */,
				3102ADA61B0ABC9700CC7A6C /* NSObject+MJCoding.m */,
				3102ADA71B0ABC9700CC7A6C /* NSObject+MJKeyValue.h */,
				3102ADA81B0ABC9700CC7A6C /* NSObject+MJKeyValue.m */,
				3102ADA91B0ABC9700CC7A6C /* NSObject+MJProperty.h */,
				3102ADAA1B0ABC9700CC7A6C /* NSObject+MJProperty.m */,
				3102ADAB1B0ABC9700CC7A6C /* NSString+MJExtension.h */,
				3102ADAC1B0ABC9700CC7A6C /* NSString+MJExtension.m */,
			);
			path = MJExtension;
			sourceTree = "<group>";
		};
		3102ADB51B0B7DC100CC7A6C /* View */ = {
			isa = PBXGroup;
			children = (
				3102ADB61B0B7DE400CC7A6C /* BGALoadMoreFooter.h */,
				3102ADB71B0B7DE400CC7A6C /* BGALoadMoreFooter.m */,
				3102ADB91B0B7E1300CC7A6C /* BGALoadMoreFooter.xib */,
				317E4CF71B23EB8C00A2F730 /* BGAStatusCell.h */,
				317E4CF81B23EB8D00A2F730 /* BGAStatusCell.m */,
				317BF9A81B3083A9008B1B1A /* BGAStatusToolbar.h */,
				317BF9A91B3083A9008B1B1A /* BGAStatusToolbar.m */,
				31E336951B40484900BC12E4 /* BGAStatusPhotosView.h */,
				31E336961B40484900BC12E4 /* BGAStatusPhotosView.m */,
				314331201B418E1B00C6AD05 /* BGAStatusPhotoView.h */,
				314331211B418E1B00C6AD05 /* BGAStatusPhotoView.m */,
			);
			path = View;
			sourceTree = "<group>";
		};
		31903F051AF5F94B006A2A46 = {
			isa = PBXGroup;
			children = (
				31903F101AF5F94B006A2A46 /* WeiBo */,
				31903F2A1AF5F94C006A2A46 /* WeiBoTests */,
				31903F0F1AF5F94B006A2A46 /* Products */,
			);
			sourceTree = "<group>";
		};
		31903F0F1AF5F94B006A2A46 /* Products */ = {
			isa = PBXGroup;
			children = (
				31903F0E1AF5F94B006A2A46 /* WeiBo.app */,
				31903F271AF5F94C006A2A46 /* WeiBoTests.xctest */,
			);
			name = Products;
			sourceTree = "<group>";
		};
		31903F101AF5F94B006A2A46 /* WeiBo */ = {
			isa = PBXGroup;
			children = (
				31903F5D1AF6F83E006A2A46 /* Classes */,
				31903F111AF5F94C006A2A46 /* Supporting Files */,
			);
			path = WeiBo;
			sourceTree = "<group>";
		};
		31903F111AF5F94C006A2A46 /* Supporting Files */ = {
			isa = PBXGroup;
			children = (
				31903F1E1AF5F94C006A2A46 /* Images.xcassets */,
				31903F121AF5F94C006A2A46 /* Info.plist */,
				31903F3D1AF62048006A2A46 /* WeiBo-Prefix.pch */,
				31903FDB1B025173006A2A46 /* local.json */,
			);
			name = "Supporting Files";
			sourceTree = "<group>";
		};
		31903F2A1AF5F94C006A2A46 /* WeiBoTests */ = {
			isa = PBXGroup;
			children = (
				31903F2D1AF5F94C006A2A46 /* WeiBoTests.m */,
				31903F2B1AF5F94C006A2A46 /* Supporting Files */,
			);
			path = WeiBoTests;
			sourceTree = "<group>";
		};
		31903F2B1AF5F94C006A2A46 /* Supporting Files */ = {
			isa = PBXGroup;
			children = (
				31903F2C1AF5F94C006A2A46 /* Info.plist */,
			);
			name = "Supporting Files";
			sourceTree = "<group>";
		};
		31903F5D1AF6F83E006A2A46 /* Classes */ = {
			isa = PBXGroup;
			children = (
				31EA40C11B4EBE0A00849D81 /* Public */,
				31903FB91B00F306006A2A46 /* OAuth */,
				31903FB41AFC3657006A2A46 /* NewFeature */,
				31903F5E1AF6F83E006A2A46 /* Discover */,
				31903F641AF6F83E006A2A46 /* Home */,
				31903F6A1AF6F83E006A2A46 /* Main */,
				31903F7A1AF6F83E006A2A46 /* MessageCenter */,
				31903F801AF6F83E006A2A46 /* Profile */,
				31903F861AF6F83E006A2A46 /* Temp */,
			);
			path = Classes;
			sourceTree = "<group>";
		};
		31903F5E1AF6F83E006A2A46 /* Discover */ = {
			isa = PBXGroup;
			children = (
				31903F5F1AF6F83E006A2A46 /* Controller */,
				31903F621AF6F83E006A2A46 /* Model */,
				31903F631AF6F83E006A2A46 /* View */,
			);
			path = Discover;
			sourceTree = "<group>";
		};
		31903F5F1AF6F83E006A2A46 /* Controller */ = {
			isa = PBXGroup;
			children = (
				31903F601AF6F83E006A2A46 /* BGADiscoverViewController.h */,
				31903F611AF6F83E006A2A46 /* BGADiscoverViewController.m */,
			);
			path = Controller;
			sourceTree = "<group>";
		};
		31903F621AF6F83E006A2A46 /* Model */ = {
			isa = PBXGroup;
			children = (
			);
			path = Model;
			sourceTree = "<group>";
		};
		31903F631AF6F83E006A2A46 /* View */ = {
			isa = PBXGroup;
			children = (
			);
			path = View;
			sourceTree = "<group>";
		};
		31903F641AF6F83E006A2A46 /* Home */ = {
			isa = PBXGroup;
			children = (
				3102ADB51B0B7DC100CC7A6C /* View */,
				31903F651AF6F83E006A2A46 /* Controller */,
				31903F681AF6F83E006A2A46 /* Model */,
			);
			path = Home;
			sourceTree = "<group>";
		};
		31903F651AF6F83E006A2A46 /* Controller */ = {
			isa = PBXGroup;
			children = (
				31903F661AF6F83E006A2A46 /* BGAHomeViewController.h */,
				31903F671AF6F83E006A2A46 /* BGAHomeViewController.m */,
				31903FAE1AF99350006A2A46 /* BGAHomeTitleViewController.h */,
				31903FAF1AF99350006A2A46 /* BGAHomeTitleViewController.m */,
			);
			path = Controller;
			sourceTree = "<group>";
		};
		31903F681AF6F83E006A2A46 /* Model */ = {
			isa = PBXGroup;
			children = (
				3102AD951B0A3D4700CC7A6C /* BGAUser.h */,
				3102AD961B0A3D4700CC7A6C /* BGAUser.m */,
				3102AD981B0A3E8E00CC7A6C /* BGAStatus.h */,
				3102AD991B0A3E8E00CC7A6C /* BGAStatus.m */,
				310264461B23F52300FC14A5 /* BGAStatusFrame.h */,
				310264471B23F52300FC14A5 /* BGAStatusFrame.m */,
				317BF9A21B2DDACC008B1B1A /* BGAPhoto.h */,
				317BF9A31B2DDACC008B1B1A /* BGAPhoto.m */,
				317BF9A51B2DDF62008B1B1A /* BGAExtensionConfig.h */,
				317BF9A61B2DDF62008B1B1A /* BGAExtensionConfig.m */,
			);
			path = Model;
			sourceTree = "<group>";
		};
		31903F6A1AF6F83E006A2A46 /* Main */ = {
			isa = PBXGroup;
			children = (
				31903F6B1AF6F83E006A2A46 /* Category */,
				31903F6E1AF6F83E006A2A46 /* Controller */,
				31903F731AF6F83E006A2A46 /* Lib */,
				31903F741AF6F83E006A2A46 /* Model */,
				31903F751AF6F83E006A2A46 /* Other */,
				31903F791AF6F83E006A2A46 /* View */,
			);
			path = Main;
			sourceTree = "<group>";
		};
		31903F6B1AF6F83E006A2A46 /* Category */ = {
			isa = PBXGroup;
			children = (
				3102AD611B07B1B200CC7A6C /* Foundation+Log.m */,
				31903F6C1AF6F83E006A2A46 /* UIView+Extension.h */,
				31903F6D1AF6F83E006A2A46 /* UIView+Extension.m */,
				31903F9C1AF83E38006A2A46 /* UIBarButtonItem+Extension.h */,
				31903F9D1AF83E38006A2A46 /* UIBarButtonItem+Extension.m */,
				31903FF11B038434006A2A46 /* UIWindow+Extension.h */,
				31903FF21B038434006A2A46 /* UIWindow+Extension.m */,
				3177E3581B38404200921C9A /* NSDate+Extension.h */,
				3177E3591B38404200921C9A /* NSDate+Extension.m */,
				3177E35B1B3862BB00921C9A /* NSString+Extension.h */,
				3177E35C1B3862BB00921C9A /* NSString+Extension.m */,
			);
			path = Category;
			sourceTree = "<group>";
		};
		31903F6E1AF6F83E006A2A46 /* Controller */ = {
			isa = PBXGroup;
			children = (
				31903F6F1AF6F83E006A2A46 /* BGANavigationController.h */,
				31903F701AF6F83E006A2A46 /* BGANavigationController.m */,
				31903F711AF6F83E006A2A46 /* BGATabBarViewController.h */,
				31903F721AF6F83E006A2A46 /* BGATabBarViewController.m */,
			);
			path = Controller;
			sourceTree = "<group>";
		};
		31903F731AF6F83E006A2A46 /* Lib */ = {
			isa = PBXGroup;
			children = (
				3102AD9B1B0ABC9700CC7A6C /* MJExtension */,
				3102AD631B09708E00CC7A6C /* SDWebImage */,
				31903FE41B036EF1006A2A46 /* MBProgressHUD */,
				31903FBE1B0183A8006A2A46 /* AFNetworking */,
			);
			path = Lib;
			sourceTree = "<group>";
		};
		31903F741AF6F83E006A2A46 /* Model */ = {
			isa = PBXGroup;
			children = (
			);
			path = Model;
			sourceTree = "<group>";
		};
		31903F751AF6F83E006A2A46 /* Other */ = {
			isa = PBXGroup;
			children = (
				31903F761AF6F83E006A2A46 /* AppDelegate.h */,
				31903F771AF6F83E006A2A46 /* AppDelegate.m */,
				31903F781AF6F83E006A2A46 /* main.m */,
			);
			path = Other;
			sourceTree = "<group>";
		};
		31903F791AF6F83E006A2A46 /* View */ = {
			isa = PBXGroup;
			children = (
				314331261B42F05200C6AD05 /* BGAAvatarView.h */,
				314331271B42F05200C6AD05 /* BGAAvatarView.m */,
				31903FA21AF8FBD4006A2A46 /* BGATitleButton.h */,
				31903FA31AF8FBD4006A2A46 /* BGATitleButton.m */,
				31903F9F1AF8F586006A2A46 /* BGASearchBar.h */,
				31903FA01AF8F587006A2A46 /* BGASearchBar.m */,
				31903FA81AF912AD006A2A46 /* BGADropdownMenu.h */,
				31903FA91AF912AD006A2A46 /* BGADropdownMenu.m */,
				31903FB11AFA5B16006A2A46 /* BGATabBar.h */,
				31903FB21AFA5B16006A2A46 /* BGATabBar.m */,
				31DA1C531B5433C000FBEA83 /* BGATextView.h */,
				31DA1C541B5433C000FBEA83 /* BGATextView.m */,
			);
			path = View;
			sourceTree = "<group>";
		};
		31903F7A1AF6F83E006A2A46 /* MessageCenter */ = {
			isa = PBXGroup;
			children = (
				31903F7B1AF6F83E006A2A46 /* Controller */,
				31903F7E1AF6F83E006A2A46 /* Model */,
				31903F7F1AF6F83E006A2A46 /* View */,
			);
			path = MessageCenter;
			sourceTree = "<group>";
		};
		31903F7B1AF6F83E006A2A46 /* Controller */ = {
			isa = PBXGroup;
			children = (
				31903F7C1AF6F83E006A2A46 /* BGAMessageCenterViewController.h */,
				31903F7D1AF6F83E006A2A46 /* BGAMessageCenterViewController.m */,
			);
			path = Controller;
			sourceTree = "<group>";
		};
		31903F7E1AF6F83E006A2A46 /* Model */ = {
			isa = PBXGroup;
			children = (
			);
			path = Model;
			sourceTree = "<group>";
		};
		31903F7F1AF6F83E006A2A46 /* View */ = {
			isa = PBXGroup;
			children = (
			);
			path = View;
			sourceTree = "<group>";
		};
		31903F801AF6F83E006A2A46 /* Profile */ = {
			isa = PBXGroup;
			children = (
				31903F811AF6F83E006A2A46 /* Controller */,
				31903F841AF6F83E006A2A46 /* Model */,
				31903F851AF6F83E006A2A46 /* View */,
			);
			path = Profile;
			sourceTree = "<group>";
		};
		31903F811AF6F83E006A2A46 /* Controller */ = {
			isa = PBXGroup;
			children = (
				31903F821AF6F83E006A2A46 /* BGAProfileViewController.h */,
				31903F831AF6F83E006A2A46 /* BGAProfileViewController.m */,
			);
			path = Controller;
			sourceTree = "<group>";
		};
		31903F841AF6F83E006A2A46 /* Model */ = {
			isa = PBXGroup;
			children = (
			);
			path = Model;
			sourceTree = "<group>";
		};
		31903F851AF6F83E006A2A46 /* View */ = {
			isa = PBXGroup;
			children = (
			);
			path = View;
			sourceTree = "<group>";
		};
		31903F861AF6F83E006A2A46 /* Temp */ = {
			isa = PBXGroup;
			children = (
				31903F871AF6F83E006A2A46 /* Controller */,
				31903F8E1AF6F83E006A2A46 /* Model */,
				31903F8F1AF6F83E006A2A46 /* View */,
			);
			path = Temp;
			sourceTree = "<group>";
		};
		31903F871AF6F83E006A2A46 /* Controller */ = {
			isa = PBXGroup;
			children = (
				31903F881AF6F83E006A2A46 /* BGATest1ViewController.h */,
				31903F891AF6F83E006A2A46 /* BGATest1ViewController.m */,
				31903F8A1AF6F83E006A2A46 /* BGATest2ViewController.h */,
				31903F8B1AF6F83E006A2A46 /* BGATest2ViewController.m */,
				31903F8C1AF6F83E006A2A46 /* BGATest3ViewController.h */,
				31903F8D1AF6F83E006A2A46 /* BGATest3ViewController.m */,
			);
			path = Controller;
			sourceTree = "<group>";
		};
		31903F8E1AF6F83E006A2A46 /* Model */ = {
			isa = PBXGroup;
			children = (
			);
			path = Model;
			sourceTree = "<group>";
		};
		31903F8F1AF6F83E006A2A46 /* View */ = {
			isa = PBXGroup;
			children = (
			);
			path = View;
			sourceTree = "<group>";
		};
		31903FB41AFC3657006A2A46 /* NewFeature */ = {
			isa = PBXGroup;
			children = (
				31903FB51AFC3657006A2A46 /* Controller */,
			);
			path = NewFeature;
			sourceTree = "<group>";
		};
		31903FB51AFC3657006A2A46 /* Controller */ = {
			isa = PBXGroup;
			children = (
				31903FB61AFC3690006A2A46 /* BGANewFeatureViewController.h */,
				31903FB71AFC3690006A2A46 /* BGANewFeatureViewController.m */,
			);
			path = Controller;
			sourceTree = "<group>";
		};
		31903FB91B00F306006A2A46 /* OAuth */ = {
			isa = PBXGroup;
			children = (
				31903FED1B03789C006A2A46 /* Tool */,
				31903FDD1B02548F006A2A46 /* Model */,
				31903FBA1B00F306006A2A46 /* Controller */,
			);
			path = OAuth;
			sourceTree = "<group>";
		};
		31903FBA1B00F306006A2A46 /* Controller */ = {
			isa = PBXGroup;
			children = (
				31903FBB1B00F33F006A2A46 /* BGAOAuthViewController.h */,
				31903FBC1B00F33F006A2A46 /* BGAOAuthViewController.m */,
			);
			path = Controller;
			sourceTree = "<group>";
		};
		31903FBE1B0183A8006A2A46 /* AFNetworking */ = {
			isa = PBXGroup;
			children = (
				31903FBF1B0183A8006A2A46 /* AFHTTPRequestOperation.h */,
				31903FC01B0183A8006A2A46 /* AFHTTPRequestOperation.m */,
				31903FC11B0183A8006A2A46 /* AFHTTPRequestOperationManager.h */,
				31903FC21B0183A8006A2A46 /* AFHTTPRequestOperationManager.m */,
				31903FC31B0183A8006A2A46 /* AFHTTPSessionManager.h */,
				31903FC41B0183A8006A2A46 /* AFHTTPSessionManager.m */,
				31903FC51B0183A8006A2A46 /* AFNetworking.h */,
				31903FC61B0183A8006A2A46 /* AFNetworkReachabilityManager.h */,
				31903FC71B0183A8006A2A46 /* AFNetworkReachabilityManager.m */,
				31903FC81B0183A8006A2A46 /* AFSecurityPolicy.h */,
				31903FC91B0183A8006A2A46 /* AFSecurityPolicy.m */,
				31903FCA1B0183A8006A2A46 /* AFURLConnectionOperation.h */,
				31903FCB1B0183A8006A2A46 /* AFURLConnectionOperation.m */,
				31903FCC1B0183A8006A2A46 /* AFURLRequestSerialization.h */,
				31903FCD1B0183A8006A2A46 /* AFURLRequestSerialization.m */,
				31903FCE1B0183A8006A2A46 /* AFURLResponseSerialization.h */,
				31903FCF1B0183A8006A2A46 /* AFURLResponseSerialization.m */,
				31903FD01B0183A8006A2A46 /* AFURLSessionManager.h */,
				31903FD11B0183A8006A2A46 /* AFURLSessionManager.m */,
			);
			path = AFNetworking;
			sourceTree = "<group>";
		};
		31903FDD1B02548F006A2A46 /* Model */ = {
			isa = PBXGroup;
			children = (
				31903FDE1B0254A9006A2A46 /* BGALocal.h */,
				31903FDF1B0254A9006A2A46 /* BGALocal.m */,
				31903FE11B02D5D0006A2A46 /* BGAAccount.h */,
				31903FE21B02D5D0006A2A46 /* BGAAccount.m */,
			);
			path = Model;
			sourceTree = "<group>";
		};
		31903FE41B036EF1006A2A46 /* MBProgressHUD */ = {
			isa = PBXGroup;
			children = (
				31903FE51B036EF1006A2A46 /* MBProgressHUD+MJ.h */,
				31903FE61B036EF1006A2A46 /* MBProgressHUD+MJ.m */,
				31903FE71B036EF1006A2A46 /* MBProgressHUD.bundle */,
				31903FE81B036EF1006A2A46 /* MBProgressHUD.h */,
				31903FE91B036EF1006A2A46 /* MBProgressHUD.m */,
			);
			path = MBProgressHUD;
			sourceTree = "<group>";
		};
		31903FED1B03789C006A2A46 /* Tool */ = {
			isa = PBXGroup;
			children = (
				31903FEE1B0378B9006A2A46 /* BGAAccountTool.h */,
				31903FEF1B0378B9006A2A46 /* BGAAccountTool.m */,
			);
			path = Tool;
			sourceTree = "<group>";
		};
		31DA1C561B556A4C00FBEA83 /* View */ = {
			isa = PBXGroup;
			children = (
				31DA1C571B556A6B00FBEA83 /* BGAPublishToolbar.h */,
				31DA1C581B556A6B00FBEA83 /* BGAPublishToolbar.m */,
				31BFEED01B56B1E600B32B82 /* BGAPublishPhotosView.h */,
				31BFEED11B56B1E600B32B82 /* BGAPublishPhotosView.m */,
			);
			path = View;
			sourceTree = "<group>";
		};
		31EA40C11B4EBE0A00849D81 /* Public */ = {
			isa = PBXGroup;
			children = (
				31DA1C561B556A4C00FBEA83 /* View */,
				31EA40C21B4EBEF600849D81 /* Controller */,
			);
			path = Public;
			sourceTree = "<group>";
		};
		31EA40C21B4EBEF600849D81 /* Controller */ = {
			isa = PBXGroup;
			children = (
				31EA40C31B4EBF4B00849D81 /* BGAPublishViewController.h */,
				31EA40C41B4EBF4B00849D81 /* BGAPublishViewController.m */,
			);
			path = Controller;
			sourceTree = "<group>";
		};
/* End PBXGroup section */

/* Begin PBXNativeTarget section */
		31903F0D1AF5F94B006A2A46 /* WeiBo */ = {
			isa = PBXNativeTarget;
			buildConfigurationList = 31903F311AF5F94C006A2A46 /* Build configuration list for PBXNativeTarget "WeiBo" */;
			buildPhases = (
				31903F0A1AF5F94B006A2A46 /* Sources */,
				31903F0B1AF5F94B006A2A46 /* Frameworks */,
				31903F0C1AF5F94B006A2A46 /* Resources */,
			);
			buildRules = (
			);
			dependencies = (
			);
			name = WeiBo;
			productName = WeiBo;
			productReference = 31903F0E1AF5F94B006A2A46 /* WeiBo.app */;
			productType = "com.apple.product-type.application";
		};
		31903F261AF5F94C006A2A46 /* WeiBoTests */ = {
			isa = PBXNativeTarget;
			buildConfigurationList = 31903F341AF5F94C006A2A46 /* Build configuration list for PBXNativeTarget "WeiBoTests" */;
			buildPhases = (
				31903F231AF5F94C006A2A46 /* Sources */,
				31903F241AF5F94C006A2A46 /* Frameworks */,
				31903F251AF5F94C006A2A46 /* Resources */,
			);
			buildRules = (
			);
			dependencies = (
				31903F291AF5F94C006A2A46 /* PBXTargetDependency */,
			);
			name = WeiBoTests;
			productName = WeiBoTests;
			productReference = 31903F271AF5F94C006A2A46 /* WeiBoTests.xctest */;
			productType = "com.apple.product-type.bundle.unit-test";
		};
/* End PBXNativeTarget section */

/* Begin PBXProject section */
		31903F061AF5F94B006A2A46 /* Project object */ = {
			isa = PBXProject;
			attributes = {
				CLASSPREFIX = BGA;
				LastUpgradeCheck = 0630;
				ORGANIZATIONNAME = bingoogolapple;
				TargetAttributes = {
					31903F0D1AF5F94B006A2A46 = {
						CreatedOnToolsVersion = 6.3.1;
					};
					31903F261AF5F94C006A2A46 = {
						CreatedOnToolsVersion = 6.3.1;
						TestTargetID = 31903F0D1AF5F94B006A2A46;
					};
				};
			};
			buildConfigurationList = 31903F091AF5F94B006A2A46 /* Build configuration list for PBXProject "WeiBo" */;
			compatibilityVersion = "Xcode 3.2";
			developmentRegion = English;
			hasScannedForEncodings = 0;
			knownRegions = (
				en,
				Base,
			);
			mainGroup = 31903F051AF5F94B006A2A46;
			productRefGroup = 31903F0F1AF5F94B006A2A46 /* Products */;
			projectDirPath = "";
			projectRoot = "";
			targets = (
				31903F0D1AF5F94B006A2A46 /* WeiBo */,
				31903F261AF5F94C006A2A46 /* WeiBoTests */,
			);
		};
/* End PBXProject section */

/* Begin PBXResourcesBuildPhase section */
		31903F0C1AF5F94B006A2A46 /* Resources */ = {
			isa = PBXResourcesBuildPhase;
			buildActionMask = 2147483647;
			files = (
				31903F1F1AF5F94C006A2A46 /* Images.xcassets in Resources */,
				31903FDC1B025173006A2A46 /* local.json in Resources */,
				3102ADBA1B0B7E1300CC7A6C /* BGALoadMoreFooter.xib in Resources */,
				31903FEB1B036EF1006A2A46 /* MBProgressHUD.bundle in Resources */,
			);
			runOnlyForDeploymentPostprocessing = 0;
		};
		31903F251AF5F94C006A2A46 /* Resources */ = {
			isa = PBXResourcesBuildPhase;
			buildActionMask = 2147483647;
			files = (
			);
			runOnlyForDeploymentPostprocessing = 0;
		};
/* End PBXResourcesBuildPhase section */

/* Begin PBXSourcesBuildPhase section */
		31903F0A1AF5F94B006A2A46 /* Sources */ = {
			isa = PBXSourcesBuildPhase;
			buildActionMask = 2147483647;
			files = (
				3102AD891B09708E00CC7A6C /* SDWebImageDecoder.m in Sources */,
				3102ADAF1B0ABC9700CC7A6C /* MJProperty.m in Sources */,
				3102AD8C1B09708E00CC7A6C /* SDWebImageManager.m in Sources */,
				31903FD81B0183A8006A2A46 /* AFURLRequestSerialization.m in Sources */,
				31903FF31B038434006A2A46 /* UIWindow+Extension.m in Sources */,
				31903FD71B0183A8006A2A46 /* AFURLConnectionOperation.m in Sources */,
				314331281B42F05200C6AD05 /* BGAAvatarView.m in Sources */,
				31903F921AF6F83E006A2A46 /* UIView+Extension.m in Sources */,
				31903F911AF6F83E006A2A46 /* BGAHomeViewController.m in Sources */,
				31903FEC1B036EF1006A2A46 /* MBProgressHUD.m in Sources */,
				31DA1C591B556A6B00FBEA83 /* BGAPublishToolbar.m in Sources */,
				3102ADB31B0ABC9700CC7A6C /* NSObject+MJProperty.m in Sources */,
				3102AD851B09708E00CC7A6C /* MKAnnotationView+WebCache.m in Sources */,
				31BFEED21B56B1E600B32B82 /* BGAPublishPhotosView.m in Sources */,
				31903FA11AF8F587006A2A46 /* BGASearchBar.m in Sources */,
				3102ADB41B0ABC9700CC7A6C /* NSString+MJExtension.m in Sources */,
				31EA40C51B4EBF4B00849D81 /* BGAPublishViewController.m in Sources */,
				31903FDA1B0183A8006A2A46 /* AFURLSessionManager.m in Sources */,
				3102AD911B09708E00CC7A6C /* UIImage+WebP.m in Sources */,
				31903FB81AFC3690006A2A46 /* BGANewFeatureViewController.m in Sources */,
				3102AD871B09708E00CC7A6C /* SDImageCache.m in Sources */,
				31903F951AF6F83E006A2A46 /* AppDelegate.m in Sources */,
				3102ADAE1B0ABC9700CC7A6C /* MJFoundation.m in Sources */,
				31903F9B1AF6F83E006A2A46 /* BGATest3ViewController.m in Sources */,
				310264481B23F52300FC14A5 /* BGAStatusFrame.m in Sources */,
				3102AD9A1B0A3E8E00CC7A6C /* BGAStatus.m in Sources */,
				31903FD61B0183A8006A2A46 /* AFSecurityPolicy.m in Sources */,
				3102AD901B09708E00CC7A6C /* UIImage+MultiFormat.m in Sources */,
				31E336971B40484900BC12E4 /* BGAStatusPhotosView.m in Sources */,
				3102AD921B09708E00CC7A6C /* UIImageView+HighlightedWebCache.m in Sources */,
				31903FD21B0183A8006A2A46 /* AFHTTPRequestOperation.m in Sources */,
				31903FAA1AF912AD006A2A46 /* BGADropdownMenu.m in Sources */,
				317BF9A71B2DDF62008B1B1A /* BGAExtensionConfig.m in Sources */,
				31903F981AF6F83E006A2A46 /* BGAProfileViewController.m in Sources */,
				3102AD8F1B09708E00CC7A6C /* UIImage+GIF.m in Sources */,
				3102AD881B09708E00CC7A6C /* SDWebImageCompat.m in Sources */,
				31903FB01AF99350006A2A46 /* BGAHomeTitleViewController.m in Sources */,
				3102ADB21B0ABC9700CC7A6C /* NSObject+MJKeyValue.m in Sources */,
				31903F931AF6F83E006A2A46 /* BGANavigationController.m in Sources */,
				31903F971AF6F83E006A2A46 /* BGAMessageCenterViewController.m in Sources */,
				31903FE01B0254A9006A2A46 /* BGALocal.m in Sources */,
				3102ADAD1B0ABC9700CC7A6C /* MJConst.m in Sources */,
				3102AD8B1B09708E00CC7A6C /* SDWebImageDownloaderOperation.m in Sources */,
				31903F941AF6F83E006A2A46 /* BGATabBarViewController.m in Sources */,
				3102ADB81B0B7DE400CC7A6C /* BGALoadMoreFooter.m in Sources */,
				31903FD41B0183A8006A2A46 /* AFHTTPSessionManager.m in Sources */,
				31903F961AF6F83E006A2A46 /* main.m in Sources */,
				3102ADB01B0ABC9700CC7A6C /* MJType.m in Sources */,
				31DA1C551B5433C000FBEA83 /* BGATextView.m in Sources */,
				31903FEA1B036EF1006A2A46 /* MBProgressHUD+MJ.m in Sources */,
				317BF9A41B2DDACC008B1B1A /* BGAPhoto.m in Sources */,
				3102AD621B07B1B200CC7A6C /* Foundation+Log.m in Sources */,
				317BF9AA1B3083A9008B1B1A /* BGAStatusToolbar.m in Sources */,
				31903FA41AF8FBD4006A2A46 /* BGATitleButton.m in Sources */,
				31903F901AF6F83E006A2A46 /* BGADiscoverViewController.m in Sources */,
				31903FD31B0183A8006A2A46 /* AFHTTPRequestOperationManager.m in Sources */,
				31903FB31AFA5B16006A2A46 /* BGATabBar.m in Sources */,
				3102ADB11B0ABC9700CC7A6C /* NSObject+MJCoding.m in Sources */,
				3102AD971B0A3D4700CC7A6C /* BGAUser.m in Sources */,
				3102AD931B09708E00CC7A6C /* UIImageView+WebCache.m in Sources */,
				31903F9E1AF83E38006A2A46 /* UIBarButtonItem+Extension.m in Sources */,
				3177E35D1B3862BB00921C9A /* NSString+Extension.m in Sources */,
				3102AD941B09708E00CC7A6C /* UIView+WebCacheOperation.m in Sources */,
				314331221B418E1B00C6AD05 /* BGAStatusPhotoView.m in Sources */,
				3177E35A1B38404200921C9A /* NSDate+Extension.m in Sources */,
				31903FBD1B00F33F006A2A46 /* BGAOAuthViewController.m in Sources */,
				3102AD8D1B09708E00CC7A6C /* SDWebImagePrefetcher.m in Sources */,
				31903FF01B0378B9006A2A46 /* BGAAccountTool.m in Sources */,
				3102AD861B09708E00CC7A6C /* NSData+ImageContentType.m in Sources */,
				317E4CF91B23EB8D00A2F730 /* BGAStatusCell.m in Sources */,
				31903F9A1AF6F83E006A2A46 /* BGATest2ViewController.m in Sources */,
				31903FD51B0183A8006A2A46 /* AFNetworkReachabilityManager.m in Sources */,
				31903FE31B02D5D0006A2A46 /* BGAAccount.m in Sources */,
				31903FD91B0183A8006A2A46 /* AFURLResponseSerialization.m in Sources */,
				3102AD8E1B09708E00CC7A6C /* UIButton+WebCache.m in Sources */,
				3102AD8A1B09708E00CC7A6C /* SDWebImageDownloader.m in Sources */,
				31903F991AF6F83E006A2A46 /* BGATest1ViewController.m in Sources */,
			);
			runOnlyForDeploymentPostprocessing = 0;
		};
		31903F231AF5F94C006A2A46 /* Sources */ = {
			isa = PBXSourcesBuildPhase;
			buildActionMask = 2147483647;
			files = (
				31903F2E1AF5F94C006A2A46 /* WeiBoTests.m in Sources */,
			);
			runOnlyForDeploymentPostprocessing = 0;
		};
/* End PBXSourcesBuildPhase section */

/* Begin PBXTargetDependency section */
		31903F291AF5F94C006A2A46 /* PBXTargetDependency */ = {
			isa = PBXTargetDependency;
			target = 31903F0D1AF5F94B006A2A46 /* WeiBo */;
			targetProxy = 31903F281AF5F94C006A2A46 /* PBXContainerItemProxy */;
		};
/* End PBXTargetDependency section */

/* Begin XCBuildConfiguration section */
		31903F2F1AF5F94C006A2A46 /* Debug */ = {
			isa = XCBuildConfiguration;
			buildSettings = {
				ALWAYS_SEARCH_USER_PATHS = NO;
				CLANG_CXX_LANGUAGE_STANDARD = "gnu++0x";
				CLANG_CXX_LIBRARY = "libc++";
				CLANG_ENABLE_MODULES = YES;
				CLANG_ENABLE_OBJC_ARC = YES;
				CLANG_WARN_BOOL_CONVERSION = YES;
				CLANG_WARN_CONSTANT_CONVERSION = YES;
				CLANG_WARN_DIRECT_OBJC_ISA_USAGE = YES_ERROR;
				CLANG_WARN_EMPTY_BODY = YES;
				CLANG_WARN_ENUM_CONVERSION = YES;
				CLANG_WARN_INT_CONVERSION = YES;
				CLANG_WARN_OBJC_ROOT_CLASS = YES_ERROR;
				CLANG_WARN_UNREACHABLE_CODE = YES;
				CLANG_WARN__DUPLICATE_METHOD_MATCH = YES;
				"CODE_SIGN_IDENTITY[sdk=iphoneos*]" = "iPhone Developer";
				COPY_PHASE_STRIP = NO;
				DEBUG_INFORMATION_FORMAT = "dwarf-with-dsym";
				ENABLE_STRICT_OBJC_MSGSEND = YES;
				GCC_C_LANGUAGE_STANDARD = gnu99;
				GCC_DYNAMIC_NO_PIC = NO;
				GCC_NO_COMMON_BLOCKS = YES;
				GCC_OPTIMIZATION_LEVEL = 0;
				GCC_PREFIX_HEADER = "";
				GCC_PREPROCESSOR_DEFINITIONS = (
					"DEBUG=1",
					"$(inherited)",
				);
				GCC_SYMBOLS_PRIVATE_EXTERN = NO;
				GCC_WARN_64_TO_32_BIT_CONVERSION = YES;
				GCC_WARN_ABOUT_RETURN_TYPE = YES_ERROR;
				GCC_WARN_UNDECLARED_SELECTOR = YES;
				GCC_WARN_UNINITIALIZED_AUTOS = YES_AGGRESSIVE;
				GCC_WARN_UNUSED_FUNCTION = YES;
				GCC_WARN_UNUSED_VARIABLE = YES;
				IPHONEOS_DEPLOYMENT_TARGET = 8.3;
				MTL_ENABLE_DEBUG_INFO = YES;
				ONLY_ACTIVE_ARCH = YES;
				SDKROOT = iphoneos;
			};
			name = Debug;
		};
		31903F301AF5F94C006A2A46 /* Release */ = {
			isa = XCBuildConfiguration;
			buildSettings = {
				ALWAYS_SEARCH_USER_PATHS = NO;
				CLANG_CXX_LANGUAGE_STANDARD = "gnu++0x";
				CLANG_CXX_LIBRARY = "libc++";
				CLANG_ENABLE_MODULES = YES;
				CLANG_ENABLE_OBJC_ARC = YES;
				CLANG_WARN_BOOL_CONVERSION = YES;
				CLANG_WARN_CONSTANT_CONVERSION = YES;
				CLANG_WARN_DIRECT_OBJC_ISA_USAGE = YES_ERROR;
				CLANG_WARN_EMPTY_BODY = YES;
				CLANG_WARN_ENUM_CONVERSION = YES;
				CLANG_WARN_INT_CONVERSION = YES;
				CLANG_WARN_OBJC_ROOT_CLASS = YES_ERROR;
				CLANG_WARN_UNREACHABLE_CODE = YES;
				CLANG_WARN__DUPLICATE_METHOD_MATCH = YES;
				"CODE_SIGN_IDENTITY[sdk=iphoneos*]" = "iPhone Developer";
				COPY_PHASE_STRIP = NO;
				DEBUG_INFORMATION_FORMAT = "dwarf-with-dsym";
				ENABLE_NS_ASSERTIONS = NO;
				ENABLE_STRICT_OBJC_MSGSEND = YES;
				GCC_C_LANGUAGE_STANDARD = gnu99;
				GCC_NO_COMMON_BLOCKS = YES;
				GCC_PREFIX_HEADER = "";
				GCC_WARN_64_TO_32_BIT_CONVERSION = YES;
				GCC_WARN_ABOUT_RETURN_TYPE = YES_ERROR;
				GCC_WARN_UNDECLARED_SELECTOR = YES;
				GCC_WARN_UNINITIALIZED_AUTOS = YES_AGGRESSIVE;
				GCC_WARN_UNUSED_FUNCTION = YES;
				GCC_WARN_UNUSED_VARIABLE = YES;
				IPHONEOS_DEPLOYMENT_TARGET = 8.3;
				MTL_ENABLE_DEBUG_INFO = NO;
				SDKROOT = iphoneos;
				VALIDATE_PRODUCT = YES;
			};
			name = Release;
		};
		31903F321AF5F94C006A2A46 /* Debug */ = {
			isa = XCBuildConfiguration;
			buildSettings = {
				ASSETCATALOG_COMPILER_APPICON_NAME = AppIcon;
				ASSETCATALOG_COMPILER_LAUNCHIMAGE_NAME = LaunchImage;
				GCC_PREFIX_HEADER = "$(SRCROOT)/WeiBo/WeiBo-Prefix.pch";
				INFOPLIST_FILE = WeiBo/Info.plist;
				IPHONEOS_DEPLOYMENT_TARGET = 7.1;
				LD_RUNPATH_SEARCH_PATHS = "$(inherited) @executable_path/Frameworks";
				PRODUCT_NAME = "$(TARGET_NAME)";
			};
			name = Debug;
		};
		31903F331AF5F94C006A2A46 /* Release */ = {
			isa = XCBuildConfiguration;
			buildSettings = {
				ASSETCATALOG_COMPILER_APPICON_NAME = AppIcon;
				ASSETCATALOG_COMPILER_LAUNCHIMAGE_NAME = LaunchImage;
				GCC_PREFIX_HEADER = "$(SRCROOT)/WeiBo/WeiBo-Prefix.pch";
				INFOPLIST_FILE = WeiBo/Info.plist;
				IPHONEOS_DEPLOYMENT_TARGET = 7.1;
				LD_RUNPATH_SEARCH_PATHS = "$(inherited) @executable_path/Frameworks";
				PRODUCT_NAME = "$(TARGET_NAME)";
			};
			name = Release;
		};
		31903F351AF5F94C006A2A46 /* Debug */ = {
			isa = XCBuildConfiguration;
			buildSettings = {
				BUNDLE_LOADER = "$(TEST_HOST)";
				FRAMEWORK_SEARCH_PATHS = (
					"$(SDKROOT)/Developer/Library/Frameworks",
					"$(inherited)",
				);
				GCC_PREPROCESSOR_DEFINITIONS = (
					"DEBUG=1",
					"$(inherited)",
				);
				INFOPLIST_FILE = WeiBoTests/Info.plist;
				LD_RUNPATH_SEARCH_PATHS = "$(inherited) @executable_path/Frameworks @loader_path/Frameworks";
				PRODUCT_NAME = "$(TARGET_NAME)";
				TEST_HOST = "$(BUILT_PRODUCTS_DIR)/WeiBo.app/WeiBo";
			};
			name = Debug;
		};
		31903F361AF5F94C006A2A46 /* Release */ = {
			isa = XCBuildConfiguration;
			buildSettings = {
				BUNDLE_LOADER = "$(TEST_HOST)";
				FRAMEWORK_SEARCH_PATHS = (
					"$(SDKROOT)/Developer/Library/Frameworks",
					"$(inherited)",
				);
				INFOPLIST_FILE = WeiBoTests/Info.plist;
				LD_RUNPATH_SEARCH_PATHS = "$(inherited) @executable_path/Frameworks @loader_path/Frameworks";
				PRODUCT_NAME = "$(TARGET_NAME)";
				TEST_HOST = "$(BUILT_PRODUCTS_DIR)/WeiBo.app/WeiBo";
			};
			name = Release;
		};
/* End XCBuildConfiguration section */

/* Begin XCConfigurationList section */
		31903F091AF5F94B006A2A46 /* Build configuration list for PBXProject "WeiBo" */ = {
			isa = XCConfigurationList;
			buildConfigurations = (
				31903F2F1AF5F94C006A2A46 /* Debug */,
				31903F301AF5F94C006A2A46 /* Release */,
			);
			defaultConfigurationIsVisible = 0;
			defaultConfigurationName = Release;
		};
		31903F311AF5F94C006A2A46 /* Build configuration list for PBXNativeTarget "WeiBo" */ = {
			isa = XCConfigurationList;
			buildConfigurations = (
				31903F321AF5F94C006A2A46 /* Debug */,
				31903F331AF5F94C006A2A46 /* Release */,
			);
			defaultConfigurationIsVisible = 0;
			defaultConfigurationName = Release;
		};
		31903F341AF5F94C006A2A46 /* Build configuration list for PBXNativeTarget "WeiBoTests" */ = {
			isa = XCConfigurationList;
			buildConfigurations = (
				31903F351AF5F94C006A2A46 /* Debug */,
				31903F361AF5F94C006A2A46 /* Release */,
			);
			defaultConfigurationIsVisible = 0;
			defaultConfigurationName = Release;
		};
/* End XCConfigurationList section */
	};
	rootObject = 31903F061AF5F94B006A2A46 /* Project object */;
}
